// !$*UTF8*$!
{
	archiveVersion = 1;
	classes = {
	};
	objectVersion = 56;
	objects = {

/* Begin PBXBuildFile section */
		E25CC7E02C0A5F3B00FAD289 /* FormulaApp.swift in Sources */ = {isa = PBXBuildFile; fileRef = E25CC7DF2C0A5F3B00FAD289 /* FormulaApp.swift */; };
		E25CC7E22C0A5F3B00FAD289 /* TabBarScreenView.swift in Sources */ = {isa = PBXBuildFile; fileRef = E25CC7E12C0A5F3B00FAD289 /* TabBarScreenView.swift */; };
		E25CC7E42C0A5F3C00FAD289 /* Assets.xcassets in Resources */ = {isa = PBXBuildFile; fileRef = E25CC7E32C0A5F3C00FAD289 /* Assets.xcassets */; };
		E25CC7E72C0A5F3C00FAD289 /* Preview Assets.xcassets in Resources */ = {isa = PBXBuildFile; fileRef = E25CC7E62C0A5F3C00FAD289 /* Preview Assets.xcassets */; };
		E25CC7F12C0A5F3C00FAD289 /* FormulaTests.swift in Sources */ = {isa = PBXBuildFile; fileRef = E25CC7F02C0A5F3C00FAD289 /* FormulaTests.swift */; };
		E25CC7FB2C0A5F3C00FAD289 /* FormulaUITests.swift in Sources */ = {isa = PBXBuildFile; fileRef = E25CC7FA2C0A5F3C00FAD289 /* FormulaUITests.swift */; };
		E25CC7FD2C0A5F3C00FAD289 /* FormulaUITestsLaunchTests.swift in Sources */ = {isa = PBXBuildFile; fileRef = E25CC7FC2C0A5F3C00FAD289 /* FormulaUITestsLaunchTests.swift */; };
		E25CC80B2C0A5FA900FAD289 /* TabView.swift in Sources */ = {isa = PBXBuildFile; fileRef = E25CC80A2C0A5FA900FAD289 /* TabView.swift */; };
		E2D4F8702C0BAF6900949459 /* Nuke in Frameworks */ = {isa = PBXBuildFile; productRef = E2D4F86F2C0BAF6900949459 /* Nuke */; };
		E2D4F8722C0BAF6900949459 /* NukeExtensions in Frameworks */ = {isa = PBXBuildFile; productRef = E2D4F8712C0BAF6900949459 /* NukeExtensions */; };
		E2D4F8742C0BAF6900949459 /* NukeUI in Frameworks */ = {isa = PBXBuildFile; productRef = E2D4F8732C0BAF6900949459 /* NukeUI */; };
		E2D4F8762C0BAF6900949459 /* NukeVideo in Frameworks */ = {isa = PBXBuildFile; productRef = E2D4F8752C0BAF6900949459 /* NukeVideo */; };
		E2D5F68C2C0A63D600E06E96 /* TabBarItem.swift in Sources */ = {isa = PBXBuildFile; fileRef = E2D5F68B2C0A63D600E06E96 /* TabBarItem.swift */; };
		E2D5F68E2C0A6A7300E06E96 /* Tab.swift in Sources */ = {isa = PBXBuildFile; fileRef = E2D5F68D2C0A6A7300E06E96 /* Tab.swift */; };
		E2D5F6902C0B2C8100E06E96 /* MainScreenView.swift in Sources */ = {isa = PBXBuildFile; fileRef = E2D5F68F2C0B2C8100E06E96 /* MainScreenView.swift */; };
		E2D5F6922C0B2F8100E06E96 /* SearchScreenView.swift in Sources */ = {isa = PBXBuildFile; fileRef = E2D5F6912C0B2F8100E06E96 /* SearchScreenView.swift */; };
		E2D5F6942C0B2FA400E06E96 /* NewsScreenView.swift in Sources */ = {isa = PBXBuildFile; fileRef = E2D5F6932C0B2FA400E06E96 /* NewsScreenView.swift */; };
		E2D5F6962C0B2FE200E06E96 /* ProfileScreenView.swift in Sources */ = {isa = PBXBuildFile; fileRef = E2D5F6952C0B2FE200E06E96 /* ProfileScreenView.swift */; };
		E2D5F6982C0B2FFD00E06E96 /* SettingsScreenView.swift in Sources */ = {isa = PBXBuildFile; fileRef = E2D5F6972C0B2FFD00E06E96 /* SettingsScreenView.swift */; };
		E2D5F6A02C0B31EA00E06E96 /* Color.swift in Sources */ = {isa = PBXBuildFile; fileRef = E2D5F69F2C0B31EA00E06E96 /* Color.swift */; };
		E2D5F6A52C0B42E500E06E96 /* APIProvider.swift in Sources */ = {isa = PBXBuildFile; fileRef = E2D5F6A42C0B42E500E06E96 /* APIProvider.swift */; };
		E2D5F6A72C0B432900E06E96 /* EndpointProtocol.swift in Sources */ = {isa = PBXBuildFile; fileRef = E2D5F6A62C0B432900E06E96 /* EndpointProtocol.swift */; };
		E2D5F6A92C0B436B00E06E96 /* APIProviderErrors.swift in Sources */ = {isa = PBXBuildFile; fileRef = E2D5F6A82C0B436B00E06E96 /* APIProviderErrors.swift */; };
		E2D5F6AB2C0B43B700E06E96 /* String+Extension.swift in Sources */ = {isa = PBXBuildFile; fileRef = E2D5F6AA2C0B43B700E06E96 /* String+Extension.swift */; };
		E2D5F6AD2C0B43DC00E06E96 /* APIErrors.swift in Sources */ = {isa = PBXBuildFile; fileRef = E2D5F6AC2C0B43DC00E06E96 /* APIErrors.swift */; };
		E2D5F6AF2C0B45D400E06E96 /* MainScreenViewModel.swift in Sources */ = {isa = PBXBuildFile; fileRef = E2D5F6AE2C0B45D400E06E96 /* MainScreenViewModel.swift */; };
		E2D5F6B12C0B45EE00E06E96 /* RecipesEndpoint.swift in Sources */ = {isa = PBXBuildFile; fileRef = E2D5F6B02C0B45EE00E06E96 /* RecipesEndpoint.swift */; };
		E2D5F6B32C0B46CF00E06E96 /* Container.swift in Sources */ = {isa = PBXBuildFile; fileRef = E2D5F6B22C0B46CF00E06E96 /* Container.swift */; };
		E2D5F6B62C0B47E000E06E96 /* RecipeSearchResult.swift in Sources */ = {isa = PBXBuildFile; fileRef = E2D5F6B52C0B47E000E06E96 /* RecipeSearchResult.swift */; };
		E2D5F6BA2C0B4F1400E06E96 /* RecipeCell.swift in Sources */ = {isa = PBXBuildFile; fileRef = E2D5F6B92C0B4F1400E06E96 /* RecipeCell.swift */; };
		E2D5F6BC2C0B5BBE00E06E96 /* RecipesList.swift in Sources */ = {isa = PBXBuildFile; fileRef = E2D5F6BB2C0B5BBE00E06E96 /* RecipesList.swift */; };
		E2D5F6BE2C0B852100E06E96 /* URLRequest+cURL.swift in Sources */ = {isa = PBXBuildFile; fileRef = E2D5F6BD2C0B852100E06E96 /* URLRequest+cURL.swift */; };
		E2D5F6C02C0B894A00E06E96 /* Data+JSON.swift in Sources */ = {isa = PBXBuildFile; fileRef = E2D5F6BF2C0B894A00E06E96 /* Data+JSON.swift */; };
/* End PBXBuildFile section */

/* Begin PBXContainerItemProxy section */
		E25CC7ED2C0A5F3C00FAD289 /* PBXContainerItemProxy */ = {
			isa = PBXContainerItemProxy;
			containerPortal = E25CC7D42C0A5F3B00FAD289 /* Project object */;
			proxyType = 1;
			remoteGlobalIDString = E25CC7DB2C0A5F3B00FAD289;
			remoteInfo = Formula;
		};
		E25CC7F72C0A5F3C00FAD289 /* PBXContainerItemProxy */ = {
			isa = PBXContainerItemProxy;
			containerPortal = E25CC7D42C0A5F3B00FAD289 /* Project object */;
			proxyType = 1;
			remoteGlobalIDString = E25CC7DB2C0A5F3B00FAD289;
			remoteInfo = Formula;
		};
/* End PBXContainerItemProxy section */

/* Begin PBXFileReference section */
		E25CC7DC2C0A5F3B00FAD289 /* Formula.app */ = {isa = PBXFileReference; explicitFileType = wrapper.application; includeInIndex = 0; path = Formula.app; sourceTree = BUILT_PRODUCTS_DIR; };
		E25CC7DF2C0A5F3B00FAD289 /* FormulaApp.swift */ = {isa = PBXFileReference; lastKnownFileType = sourcecode.swift; path = FormulaApp.swift; sourceTree = "<group>"; };
		E25CC7E12C0A5F3B00FAD289 /* TabBarScreenView.swift */ = {isa = PBXFileReference; lastKnownFileType = sourcecode.swift; path = TabBarScreenView.swift; sourceTree = "<group>"; };
		E25CC7E32C0A5F3C00FAD289 /* Assets.xcassets */ = {isa = PBXFileReference; lastKnownFileType = folder.assetcatalog; path = Assets.xcassets; sourceTree = "<group>"; };
		E25CC7E62C0A5F3C00FAD289 /* Preview Assets.xcassets */ = {isa = PBXFileReference; lastKnownFileType = folder.assetcatalog; path = "Preview Assets.xcassets"; sourceTree = "<group>"; };
		E25CC7EC2C0A5F3C00FAD289 /* FormulaTests.xctest */ = {isa = PBXFileReference; explicitFileType = wrapper.cfbundle; includeInIndex = 0; path = FormulaTests.xctest; sourceTree = BUILT_PRODUCTS_DIR; };
		E25CC7F02C0A5F3C00FAD289 /* FormulaTests.swift */ = {isa = PBXFileReference; lastKnownFileType = sourcecode.swift; path = FormulaTests.swift; sourceTree = "<group>"; };
		E25CC7F62C0A5F3C00FAD289 /* FormulaUITests.xctest */ = {isa = PBXFileReference; explicitFileType = wrapper.cfbundle; includeInIndex = 0; path = FormulaUITests.xctest; sourceTree = BUILT_PRODUCTS_DIR; };
		E25CC7FA2C0A5F3C00FAD289 /* FormulaUITests.swift */ = {isa = PBXFileReference; lastKnownFileType = sourcecode.swift; path = FormulaUITests.swift; sourceTree = "<group>"; };
		E25CC7FC2C0A5F3C00FAD289 /* FormulaUITestsLaunchTests.swift */ = {isa = PBXFileReference; lastKnownFileType = sourcecode.swift; path = FormulaUITestsLaunchTests.swift; sourceTree = "<group>"; };
		E25CC80A2C0A5FA900FAD289 /* TabView.swift */ = {isa = PBXFileReference; lastKnownFileType = sourcecode.swift; path = TabView.swift; sourceTree = "<group>"; };
		E2D5F68B2C0A63D600E06E96 /* TabBarItem.swift */ = {isa = PBXFileReference; lastKnownFileType = sourcecode.swift; path = TabBarItem.swift; sourceTree = "<group>"; };
		E2D5F68D2C0A6A7300E06E96 /* Tab.swift */ = {isa = PBXFileReference; lastKnownFileType = sourcecode.swift; path = Tab.swift; sourceTree = "<group>"; };
		E2D5F68F2C0B2C8100E06E96 /* MainScreenView.swift */ = {isa = PBXFileReference; lastKnownFileType = sourcecode.swift; path = MainScreenView.swift; sourceTree = "<group>"; };
		E2D5F6912C0B2F8100E06E96 /* SearchScreenView.swift */ = {isa = PBXFileReference; lastKnownFileType = sourcecode.swift; path = SearchScreenView.swift; sourceTree = "<group>"; };
		E2D5F6932C0B2FA400E06E96 /* NewsScreenView.swift */ = {isa = PBXFileReference; lastKnownFileType = sourcecode.swift; path = NewsScreenView.swift; sourceTree = "<group>"; };
		E2D5F6952C0B2FE200E06E96 /* ProfileScreenView.swift */ = {isa = PBXFileReference; lastKnownFileType = sourcecode.swift; path = ProfileScreenView.swift; sourceTree = "<group>"; };
		E2D5F6972C0B2FFD00E06E96 /* SettingsScreenView.swift */ = {isa = PBXFileReference; lastKnownFileType = sourcecode.swift; path = SettingsScreenView.swift; sourceTree = "<group>"; };
		E2D5F69F2C0B31EA00E06E96 /* Color.swift */ = {isa = PBXFileReference; lastKnownFileType = sourcecode.swift; path = Color.swift; sourceTree = "<group>"; };
		E2D5F6A42C0B42E500E06E96 /* APIProvider.swift */ = {isa = PBXFileReference; lastKnownFileType = sourcecode.swift; path = APIProvider.swift; sourceTree = "<group>"; };
		E2D5F6A62C0B432900E06E96 /* EndpointProtocol.swift */ = {isa = PBXFileReference; lastKnownFileType = sourcecode.swift; path = EndpointProtocol.swift; sourceTree = "<group>"; };
		E2D5F6A82C0B436B00E06E96 /* APIProviderErrors.swift */ = {isa = PBXFileReference; lastKnownFileType = sourcecode.swift; path = APIProviderErrors.swift; sourceTree = "<group>"; };
		E2D5F6AA2C0B43B700E06E96 /* String+Extension.swift */ = {isa = PBXFileReference; lastKnownFileType = sourcecode.swift; path = "String+Extension.swift"; sourceTree = "<group>"; };
		E2D5F6AC2C0B43DC00E06E96 /* APIErrors.swift */ = {isa = PBXFileReference; lastKnownFileType = sourcecode.swift; path = APIErrors.swift; sourceTree = "<group>"; };
		E2D5F6AE2C0B45D400E06E96 /* MainScreenViewModel.swift */ = {isa = PBXFileReference; lastKnownFileType = sourcecode.swift; path = MainScreenViewModel.swift; sourceTree = "<group>"; };
		E2D5F6B02C0B45EE00E06E96 /* RecipesEndpoint.swift */ = {isa = PBXFileReference; lastKnownFileType = sourcecode.swift; path = RecipesEndpoint.swift; sourceTree = "<group>"; };
		E2D5F6B22C0B46CF00E06E96 /* Container.swift */ = {isa = PBXFileReference; lastKnownFileType = sourcecode.swift; path = Container.swift; sourceTree = "<group>"; };
		E2D5F6B52C0B47E000E06E96 /* RecipeSearchResult.swift */ = {isa = PBXFileReference; lastKnownFileType = sourcecode.swift; path = RecipeSearchResult.swift; sourceTree = "<group>"; };
		E2D5F6B92C0B4F1400E06E96 /* RecipeCell.swift */ = {isa = PBXFileReference; lastKnownFileType = sourcecode.swift; path = RecipeCell.swift; sourceTree = "<group>"; };
		E2D5F6BB2C0B5BBE00E06E96 /* RecipesList.swift */ = {isa = PBXFileReference; lastKnownFileType = sourcecode.swift; path = RecipesList.swift; sourceTree = "<group>"; };
		E2D5F6BD2C0B852100E06E96 /* URLRequest+cURL.swift */ = {isa = PBXFileReference; lastKnownFileType = sourcecode.swift; path = "URLRequest+cURL.swift"; sourceTree = "<group>"; };
		E2D5F6BF2C0B894A00E06E96 /* Data+JSON.swift */ = {isa = PBXFileReference; lastKnownFileType = sourcecode.swift; path = "Data+JSON.swift"; sourceTree = "<group>"; };
/* End PBXFileReference section */

/* Begin PBXFrameworksBuildPhase section */
		E25CC7D92C0A5F3B00FAD289 /* Frameworks */ = {
			isa = PBXFrameworksBuildPhase;
			buildActionMask = 2147483647;
			files = (
				E2D4F8742C0BAF6900949459 /* NukeUI in Frameworks */,
				E2D4F8702C0BAF6900949459 /* Nuke in Frameworks */,
				E2D4F8722C0BAF6900949459 /* NukeExtensions in Frameworks */,
				E2D4F8762C0BAF6900949459 /* NukeVideo in Frameworks */,
			);
			runOnlyForDeploymentPostprocessing = 0;
		};
		E25CC7E92C0A5F3C00FAD289 /* Frameworks */ = {
			isa = PBXFrameworksBuildPhase;
			buildActionMask = 2147483647;
			files = (
			);
			runOnlyForDeploymentPostprocessing = 0;
		};
		E25CC7F32C0A5F3C00FAD289 /* Frameworks */ = {
			isa = PBXFrameworksBuildPhase;
			buildActionMask = 2147483647;
			files = (
			);
			runOnlyForDeploymentPostprocessing = 0;
		};
/* End PBXFrameworksBuildPhase section */

/* Begin PBXGroup section */
		E25CC7D32C0A5F3B00FAD289 = {
			isa = PBXGroup;
			children = (
				E25CC7DE2C0A5F3B00FAD289 /* Formula */,
				E25CC7EF2C0A5F3C00FAD289 /* FormulaTests */,
				E25CC7F92C0A5F3C00FAD289 /* FormulaUITests */,
				E25CC7DD2C0A5F3B00FAD289 /* Products */,
			);
			sourceTree = "<group>";
		};
		E25CC7DD2C0A5F3B00FAD289 /* Products */ = {
			isa = PBXGroup;
			children = (
				E25CC7DC2C0A5F3B00FAD289 /* Formula.app */,
				E25CC7EC2C0A5F3C00FAD289 /* FormulaTests.xctest */,
				E25CC7F62C0A5F3C00FAD289 /* FormulaUITests.xctest */,
			);
			name = Products;
			sourceTree = "<group>";
		};
		E25CC7DE2C0A5F3B00FAD289 /* Formula */ = {
			isa = PBXGroup;
			children = (
				E25CC7DF2C0A5F3B00FAD289 /* FormulaApp.swift */,
				E2D5F6A12C0B429000E06E96 /* Services */,
				E25CC8092C0A5F9700FAD289 /* TabScreenView */,
				E2D5F6992C0B305000E06E96 /* MainScreen */,
				E2D5F69A2C0B305E00E06E96 /* SearchScreen */,
				E2D5F69B2C0B306D00E06E96 /* NewsScreen */,
				E2D5F69C2C0B307500E06E96 /* ProfileScreen */,
				E2D5F69D2C0B307D00E06E96 /* SettingsScreen */,
				E2D5F69E2C0B31E300E06E96 /* Extensions */,
				E25CC7E32C0A5F3C00FAD289 /* Assets.xcassets */,
				E25CC7E52C0A5F3C00FAD289 /* Preview Content */,
			);
			path = Formula;
			sourceTree = "<group>";
		};
		E25CC7E52C0A5F3C00FAD289 /* Preview Content */ = {
			isa = PBXGroup;
			children = (
				E25CC7E62C0A5F3C00FAD289 /* Preview Assets.xcassets */,
			);
			path = "Preview Content";
			sourceTree = "<group>";
		};
		E25CC7EF2C0A5F3C00FAD289 /* FormulaTests */ = {
			isa = PBXGroup;
			children = (
				E25CC7F02C0A5F3C00FAD289 /* FormulaTests.swift */,
			);
			path = FormulaTests;
			sourceTree = "<group>";
		};
		E25CC7F92C0A5F3C00FAD289 /* FormulaUITests */ = {
			isa = PBXGroup;
			children = (
				E25CC7FA2C0A5F3C00FAD289 /* FormulaUITests.swift */,
				E25CC7FC2C0A5F3C00FAD289 /* FormulaUITestsLaunchTests.swift */,
			);
			path = FormulaUITests;
			sourceTree = "<group>";
		};
		E25CC8092C0A5F9700FAD289 /* TabScreenView */ = {
			isa = PBXGroup;
			children = (
				E25CC7E12C0A5F3B00FAD289 /* TabBarScreenView.swift */,
				E25CC80A2C0A5FA900FAD289 /* TabView.swift */,
				E2D5F68B2C0A63D600E06E96 /* TabBarItem.swift */,
				E2D5F68D2C0A6A7300E06E96 /* Tab.swift */,
			);
			path = TabScreenView;
			sourceTree = "<group>";
		};
		E2D5F6992C0B305000E06E96 /* MainScreen */ = {
			isa = PBXGroup;
			children = (
				E2D5F6AE2C0B45D400E06E96 /* MainScreenViewModel.swift */,
				E2D5F68F2C0B2C8100E06E96 /* MainScreenView.swift */,
				E2D5F6BB2C0B5BBE00E06E96 /* RecipesList.swift */,
				E2D5F6B92C0B4F1400E06E96 /* RecipeCell.swift */,
			);
			path = MainScreen;
			sourceTree = "<group>";
		};
		E2D5F69A2C0B305E00E06E96 /* SearchScreen */ = {
			isa = PBXGroup;
			children = (
				E2D5F6912C0B2F8100E06E96 /* SearchScreenView.swift */,
			);
			path = SearchScreen;
			sourceTree = "<group>";
		};
		E2D5F69B2C0B306D00E06E96 /* NewsScreen */ = {
			isa = PBXGroup;
			children = (
				E2D5F6932C0B2FA400E06E96 /* NewsScreenView.swift */,
			);
			path = NewsScreen;
			sourceTree = "<group>";
		};
		E2D5F69C2C0B307500E06E96 /* ProfileScreen */ = {
			isa = PBXGroup;
			children = (
				E2D5F6952C0B2FE200E06E96 /* ProfileScreenView.swift */,
			);
			path = ProfileScreen;
			sourceTree = "<group>";
		};
		E2D5F69D2C0B307D00E06E96 /* SettingsScreen */ = {
			isa = PBXGroup;
			children = (
				E2D5F6972C0B2FFD00E06E96 /* SettingsScreenView.swift */,
			);
			path = SettingsScreen;
			sourceTree = "<group>";
		};
		E2D5F69E2C0B31E300E06E96 /* Extensions */ = {
			isa = PBXGroup;
			children = (
				E2D5F69F2C0B31EA00E06E96 /* Color.swift */,
				E2D5F6AA2C0B43B700E06E96 /* String+Extension.swift */,
				E2D5F6BD2C0B852100E06E96 /* URLRequest+cURL.swift */,
				E2D5F6BF2C0B894A00E06E96 /* Data+JSON.swift */,
			);
			path = Extensions;
			sourceTree = "<group>";
		};
		E2D5F6A12C0B429000E06E96 /* Services */ = {
			isa = PBXGroup;
			children = (
				E2D5F6A22C0B42A300E06E96 /* Network */,
			);
			path = Services;
			sourceTree = "<group>";
		};
		E2D5F6A22C0B42A300E06E96 /* Network */ = {
			isa = PBXGroup;
			children = (
				E2D5F6B42C0B47D700E06E96 /* Models */,
				E2D5F6A32C0B42B700E06E96 /* Endpoints */,
				E2D5F6A42C0B42E500E06E96 /* APIProvider.swift */,
				E2D5F6AC2C0B43DC00E06E96 /* APIErrors.swift */,
				E2D5F6A82C0B436B00E06E96 /* APIProviderErrors.swift */,
			);
			path = Network;
			sourceTree = "<group>";
		};
		E2D5F6A32C0B42B700E06E96 /* Endpoints */ = {
			isa = PBXGroup;
			children = (
				E2D5F6A62C0B432900E06E96 /* EndpointProtocol.swift */,
				E2D5F6B02C0B45EE00E06E96 /* RecipesEndpoint.swift */,
				E2D5F6B22C0B46CF00E06E96 /* Container.swift */,
			);
			path = Endpoints;
			sourceTree = "<group>";
		};
		E2D5F6B42C0B47D700E06E96 /* Models */ = {
			isa = PBXGroup;
			children = (
				E2D5F6B52C0B47E000E06E96 /* RecipeSearchResult.swift */,
			);
			path = Models;
			sourceTree = "<group>";
		};
/* End PBXGroup section */

/* Begin PBXNativeTarget section */
		E25CC7DB2C0A5F3B00FAD289 /* Formula */ = {
			isa = PBXNativeTarget;
			buildConfigurationList = E25CC8002C0A5F3C00FAD289 /* Build configuration list for PBXNativeTarget "Formula" */;
			buildPhases = (
				E25CC7D82C0A5F3B00FAD289 /* Sources */,
				E25CC7D92C0A5F3B00FAD289 /* Frameworks */,
				E25CC7DA2C0A5F3B00FAD289 /* Resources */,
			);
			buildRules = (
			);
			dependencies = (
			);
			name = Formula;
			packageProductDependencies = (
				E2D4F86F2C0BAF6900949459 /* Nuke */,
				E2D4F8712C0BAF6900949459 /* NukeExtensions */,
				E2D4F8732C0BAF6900949459 /* NukeUI */,
				E2D4F8752C0BAF6900949459 /* NukeVideo */,
			);
			productName = Formula;
			productReference = E25CC7DC2C0A5F3B00FAD289 /* Formula.app */;
			productType = "com.apple.product-type.application";
		};
		E25CC7EB2C0A5F3C00FAD289 /* FormulaTests */ = {
			isa = PBXNativeTarget;
			buildConfigurationList = E25CC8032C0A5F3C00FAD289 /* Build configuration list for PBXNativeTarget "FormulaTests" */;
			buildPhases = (
				E25CC7E82C0A5F3C00FAD289 /* Sources */,
				E25CC7E92C0A5F3C00FAD289 /* Frameworks */,
				E25CC7EA2C0A5F3C00FAD289 /* Resources */,
			);
			buildRules = (
			);
			dependencies = (
				E25CC7EE2C0A5F3C00FAD289 /* PBXTargetDependency */,
			);
			name = FormulaTests;
			productName = FormulaTests;
			productReference = E25CC7EC2C0A5F3C00FAD289 /* FormulaTests.xctest */;
			productType = "com.apple.product-type.bundle.unit-test";
		};
		E25CC7F52C0A5F3C00FAD289 /* FormulaUITests */ = {
			isa = PBXNativeTarget;
			buildConfigurationList = E25CC8062C0A5F3C00FAD289 /* Build configuration list for PBXNativeTarget "FormulaUITests" */;
			buildPhases = (
				E25CC7F22C0A5F3C00FAD289 /* Sources */,
				E25CC7F32C0A5F3C00FAD289 /* Frameworks */,
				E25CC7F42C0A5F3C00FAD289 /* Resources */,
			);
			buildRules = (
			);
			dependencies = (
				E25CC7F82C0A5F3C00FAD289 /* PBXTargetDependency */,
			);
			name = FormulaUITests;
			productName = FormulaUITests;
			productReference = E25CC7F62C0A5F3C00FAD289 /* FormulaUITests.xctest */;
			productType = "com.apple.product-type.bundle.ui-testing";
		};
/* End PBXNativeTarget section */

/* Begin PBXProject section */
		E25CC7D42C0A5F3B00FAD289 /* Project object */ = {
			isa = PBXProject;
			attributes = {
				BuildIndependentTargetsInParallel = 1;
				LastSwiftUpdateCheck = 1520;
				LastUpgradeCheck = 1520;
				TargetAttributes = {
					E25CC7DB2C0A5F3B00FAD289 = {
						CreatedOnToolsVersion = 15.2;
					};
					E25CC7EB2C0A5F3C00FAD289 = {
						CreatedOnToolsVersion = 15.2;
						TestTargetID = E25CC7DB2C0A5F3B00FAD289;
					};
					E25CC7F52C0A5F3C00FAD289 = {
						CreatedOnToolsVersion = 15.2;
						TestTargetID = E25CC7DB2C0A5F3B00FAD289;
					};
				};
			};
			buildConfigurationList = E25CC7D72C0A5F3B00FAD289 /* Build configuration list for PBXProject "Formula" */;
			compatibilityVersion = "Xcode 14.0";
			developmentRegion = en;
			hasScannedForEncodings = 0;
			knownRegions = (
				en,
				Base,
			);
			mainGroup = E25CC7D32C0A5F3B00FAD289;
			packageReferences = (
				E2419E6D2C0BAD730032D13A /* XCRemoteSwiftPackageReference "Nuke" */,
			);
			productRefGroup = E25CC7DD2C0A5F3B00FAD289 /* Products */;
			projectDirPath = "";
			projectRoot = "";
			targets = (
				E25CC7DB2C0A5F3B00FAD289 /* Formula */,
				E25CC7EB2C0A5F3C00FAD289 /* FormulaTests */,
				E25CC7F52C0A5F3C00FAD289 /* FormulaUITests */,
			);
		};
/* End PBXProject section */

/* Begin PBXResourcesBuildPhase section */
		E25CC7DA2C0A5F3B00FAD289 /* Resources */ = {
			isa = PBXResourcesBuildPhase;
			buildActionMask = 2147483647;
			files = (
				E25CC7E72C0A5F3C00FAD289 /* Preview Assets.xcassets in Resources */,
				E25CC7E42C0A5F3C00FAD289 /* Assets.xcassets in Resources */,
			);
			runOnlyForDeploymentPostprocessing = 0;
		};
		E25CC7EA2C0A5F3C00FAD289 /* Resources */ = {
			isa = PBXResourcesBuildPhase;
			buildActionMask = 2147483647;
			files = (
			);
			runOnlyForDeploymentPostprocessing = 0;
		};
		E25CC7F42C0A5F3C00FAD289 /* Resources */ = {
			isa = PBXResourcesBuildPhase;
			buildActionMask = 2147483647;
			files = (
			);
			runOnlyForDeploymentPostprocessing = 0;
		};
/* End PBXResourcesBuildPhase section */

/* Begin PBXSourcesBuildPhase section */
		E25CC7D82C0A5F3B00FAD289 /* Sources */ = {
			isa = PBXSourcesBuildPhase;
			buildActionMask = 2147483647;
			files = (
				E2D5F6A92C0B436B00E06E96 /* APIProviderErrors.swift in Sources */,
				E2D5F6AD2C0B43DC00E06E96 /* APIErrors.swift in Sources */,
				E25CC80B2C0A5FA900FAD289 /* TabView.swift in Sources */,
				E2D5F6902C0B2C8100E06E96 /* MainScreenView.swift in Sources */,
				E2D5F6BE2C0B852100E06E96 /* URLRequest+cURL.swift in Sources */,
				E2D5F6B62C0B47E000E06E96 /* RecipeSearchResult.swift in Sources */,
				E2D5F6B32C0B46CF00E06E96 /* Container.swift in Sources */,
				E2D5F6A72C0B432900E06E96 /* EndpointProtocol.swift in Sources */,
				E2D5F6A02C0B31EA00E06E96 /* Color.swift in Sources */,
				E25CC7E22C0A5F3B00FAD289 /* TabBarScreenView.swift in Sources */,
				E2D5F68E2C0A6A7300E06E96 /* Tab.swift in Sources */,
				E2D5F6A52C0B42E500E06E96 /* APIProvider.swift in Sources */,
				E2D5F6B12C0B45EE00E06E96 /* RecipesEndpoint.swift in Sources */,
				E2D5F68C2C0A63D600E06E96 /* TabBarItem.swift in Sources */,
				E2D5F6982C0B2FFD00E06E96 /* SettingsScreenView.swift in Sources */,
				E2D5F6C02C0B894A00E06E96 /* Data+JSON.swift in Sources */,
				E2D5F6AF2C0B45D400E06E96 /* MainScreenViewModel.swift in Sources */,
				E2D5F6922C0B2F8100E06E96 /* SearchScreenView.swift in Sources */,
				E25CC7E02C0A5F3B00FAD289 /* FormulaApp.swift in Sources */,
				E2D5F6962C0B2FE200E06E96 /* ProfileScreenView.swift in Sources */,
				E2D5F6BC2C0B5BBE00E06E96 /* RecipesList.swift in Sources */,
				E2D5F6AB2C0B43B700E06E96 /* String+Extension.swift in Sources */,
				E2D5F6942C0B2FA400E06E96 /* NewsScreenView.swift in Sources */,
				E2D5F6BA2C0B4F1400E06E96 /* RecipeCell.swift in Sources */,
			);
			runOnlyForDeploymentPostprocessing = 0;
		};
		E25CC7E82C0A5F3C00FAD289 /* Sources */ = {
			isa = PBXSourcesBuildPhase;
			buildActionMask = 2147483647;
			files = (
				E25CC7F12C0A5F3C00FAD289 /* FormulaTests.swift in Sources */,
			);
			runOnlyForDeploymentPostprocessing = 0;
		};
		E25CC7F22C0A5F3C00FAD289 /* Sources */ = {
			isa = PBXSourcesBuildPhase;
			buildActionMask = 2147483647;
			files = (
				E25CC7FB2C0A5F3C00FAD289 /* FormulaUITests.swift in Sources */,
				E25CC7FD2C0A5F3C00FAD289 /* FormulaUITestsLaunchTests.swift in Sources */,
			);
			runOnlyForDeploymentPostprocessing = 0;
		};
/* End PBXSourcesBuildPhase section */

/* Begin PBXTargetDependency section */
		E25CC7EE2C0A5F3C00FAD289 /* PBXTargetDependency */ = {
			isa = PBXTargetDependency;
			target = E25CC7DB2C0A5F3B00FAD289 /* Formula */;
			targetProxy = E25CC7ED2C0A5F3C00FAD289 /* PBXContainerItemProxy */;
		};
		E25CC7F82C0A5F3C00FAD289 /* PBXTargetDependency */ = {
			isa = PBXTargetDependency;
			target = E25CC7DB2C0A5F3B00FAD289 /* Formula */;
			targetProxy = E25CC7F72C0A5F3C00FAD289 /* PBXContainerItemProxy */;
		};
/* End PBXTargetDependency section */

/* Begin XCBuildConfiguration section */
		E25CC7FE2C0A5F3C00FAD289 /* Debug */ = {
			isa = XCBuildConfiguration;
			buildSettings = {
				ALWAYS_SEARCH_USER_PATHS = NO;
				ASSETCATALOG_COMPILER_GENERATE_SWIFT_ASSET_SYMBOL_EXTENSIONS = YES;
				CLANG_ANALYZER_NONNULL = YES;
				CLANG_ANALYZER_NUMBER_OBJECT_CONVERSION = YES_AGGRESSIVE;
				CLANG_CXX_LANGUAGE_STANDARD = "gnu++20";
				CLANG_ENABLE_MODULES = YES;
				CLANG_ENABLE_OBJC_ARC = YES;
				CLANG_ENABLE_OBJC_WEAK = YES;
				CLANG_WARN_BLOCK_CAPTURE_AUTORELEASING = YES;
				CLANG_WARN_BOOL_CONVERSION = YES;
				CLANG_WARN_COMMA = YES;
				CLANG_WARN_CONSTANT_CONVERSION = YES;
				CLANG_WARN_DEPRECATED_OBJC_IMPLEMENTATIONS = YES;
				CLANG_WARN_DIRECT_OBJC_ISA_USAGE = YES_ERROR;
				CLANG_WARN_DOCUMENTATION_COMMENTS = YES;
				CLANG_WARN_EMPTY_BODY = YES;
				CLANG_WARN_ENUM_CONVERSION = YES;
				CLANG_WARN_INFINITE_RECURSION = YES;
				CLANG_WARN_INT_CONVERSION = YES;
				CLANG_WARN_NON_LITERAL_NULL_CONVERSION = YES;
				CLANG_WARN_OBJC_IMPLICIT_RETAIN_SELF = YES;
				CLANG_WARN_OBJC_LITERAL_CONVERSION = YES;
				CLANG_WARN_OBJC_ROOT_CLASS = YES_ERROR;
				CLANG_WARN_QUOTED_INCLUDE_IN_FRAMEWORK_HEADER = YES;
				CLANG_WARN_RANGE_LOOP_ANALYSIS = YES;
				CLANG_WARN_STRICT_PROTOTYPES = YES;
				CLANG_WARN_SUSPICIOUS_MOVE = YES;
				CLANG_WARN_UNGUARDED_AVAILABILITY = YES_AGGRESSIVE;
				CLANG_WARN_UNREACHABLE_CODE = YES;
				CLANG_WARN__DUPLICATE_METHOD_MATCH = YES;
				COPY_PHASE_STRIP = NO;
				DEBUG_INFORMATION_FORMAT = dwarf;
				ENABLE_STRICT_OBJC_MSGSEND = YES;
				ENABLE_TESTABILITY = YES;
				ENABLE_USER_SCRIPT_SANDBOXING = YES;
				GCC_C_LANGUAGE_STANDARD = gnu17;
				GCC_DYNAMIC_NO_PIC = NO;
				GCC_NO_COMMON_BLOCKS = YES;
				GCC_OPTIMIZATION_LEVEL = 0;
				GCC_PREPROCESSOR_DEFINITIONS = (
					"DEBUG=1",
					"$(inherited)",
				);
				GCC_WARN_64_TO_32_BIT_CONVERSION = YES;
				GCC_WARN_ABOUT_RETURN_TYPE = YES_ERROR;
				GCC_WARN_UNDECLARED_SELECTOR = YES;
				GCC_WARN_UNINITIALIZED_AUTOS = YES_AGGRESSIVE;
				GCC_WARN_UNUSED_FUNCTION = YES;
				GCC_WARN_UNUSED_VARIABLE = YES;
				IPHONEOS_DEPLOYMENT_TARGET = 17.2;
				LOCALIZATION_PREFERS_STRING_CATALOGS = YES;
				MTL_ENABLE_DEBUG_INFO = INCLUDE_SOURCE;
				MTL_FAST_MATH = YES;
				ONLY_ACTIVE_ARCH = YES;
				SDKROOT = iphoneos;
				SWIFT_ACTIVE_COMPILATION_CONDITIONS = "DEBUG $(inherited)";
				SWIFT_OPTIMIZATION_LEVEL = "-Onone";
			};
			name = Debug;
		};
		E25CC7FF2C0A5F3C00FAD289 /* Release */ = {
			isa = XCBuildConfiguration;
			buildSettings = {
				ALWAYS_SEARCH_USER_PATHS = NO;
				ASSETCATALOG_COMPILER_GENERATE_SWIFT_ASSET_SYMBOL_EXTENSIONS = YES;
				CLANG_ANALYZER_NONNULL = YES;
				CLANG_ANALYZER_NUMBER_OBJECT_CONVERSION = YES_AGGRESSIVE;
				CLANG_CXX_LANGUAGE_STANDARD = "gnu++20";
				CLANG_ENABLE_MODULES = YES;
				CLANG_ENABLE_OBJC_ARC = YES;
				CLANG_ENABLE_OBJC_WEAK = YES;
				CLANG_WARN_BLOCK_CAPTURE_AUTORELEASING = YES;
				CLANG_WARN_BOOL_CONVERSION = YES;
				CLANG_WARN_COMMA = YES;
				CLANG_WARN_CONSTANT_CONVERSION = YES;
				CLANG_WARN_DEPRECATED_OBJC_IMPLEMENTATIONS = YES;
				CLANG_WARN_DIRECT_OBJC_ISA_USAGE = YES_ERROR;
				CLANG_WARN_DOCUMENTATION_COMMENTS = YES;
				CLANG_WARN_EMPTY_BODY = YES;
				CLANG_WARN_ENUM_CONVERSION = YES;
				CLANG_WARN_INFINITE_RECURSION = YES;
				CLANG_WARN_INT_CONVERSION = YES;
				CLANG_WARN_NON_LITERAL_NULL_CONVERSION = YES;
				CLANG_WARN_OBJC_IMPLICIT_RETAIN_SELF = YES;
				CLANG_WARN_OBJC_LITERAL_CONVERSION = YES;
				CLANG_WARN_OBJC_ROOT_CLASS = YES_ERROR;
				CLANG_WARN_QUOTED_INCLUDE_IN_FRAMEWORK_HEADER = YES;
				CLANG_WARN_RANGE_LOOP_ANALYSIS = YES;
				CLANG_WARN_STRICT_PROTOTYPES = YES;
				CLANG_WARN_SUSPICIOUS_MOVE = YES;
				CLANG_WARN_UNGUARDED_AVAILABILITY = YES_AGGRESSIVE;
				CLANG_WARN_UNREACHABLE_CODE = YES;
				CLANG_WARN__DUPLICATE_METHOD_MATCH = YES;
				COPY_PHASE_STRIP = NO;
				DEBUG_INFORMATION_FORMAT = "dwarf-with-dsym";
				ENABLE_NS_ASSERTIONS = NO;
				ENABLE_STRICT_OBJC_MSGSEND = YES;
				ENABLE_USER_SCRIPT_SANDBOXING = YES;
				GCC_C_LANGUAGE_STANDARD = gnu17;
				GCC_NO_COMMON_BLOCKS = YES;
				GCC_WARN_64_TO_32_BIT_CONVERSION = YES;
				GCC_WARN_ABOUT_RETURN_TYPE = YES_ERROR;
				GCC_WARN_UNDECLARED_SELECTOR = YES;
				GCC_WARN_UNINITIALIZED_AUTOS = YES_AGGRESSIVE;
				GCC_WARN_UNUSED_FUNCTION = YES;
				GCC_WARN_UNUSED_VARIABLE = YES;
				IPHONEOS_DEPLOYMENT_TARGET = 17.2;
				LOCALIZATION_PREFERS_STRING_CATALOGS = YES;
				MTL_ENABLE_DEBUG_INFO = NO;
				MTL_FAST_MATH = YES;
				SDKROOT = iphoneos;
				SWIFT_COMPILATION_MODE = wholemodule;
				VALIDATE_PRODUCT = YES;
			};
			name = Release;
		};
		E25CC8012C0A5F3C00FAD289 /* Debug */ = {
			isa = XCBuildConfiguration;
			buildSettings = {
				ASSETCATALOG_COMPILER_APPICON_NAME = AppIcon;
				ASSETCATALOG_COMPILER_GLOBAL_ACCENT_COLOR_NAME = AccentColor;
				CODE_SIGN_STYLE = Automatic;
				CURRENT_PROJECT_VERSION = 1;
				DEVELOPMENT_ASSET_PATHS = "\"Formula/Preview Content\"";
				DEVELOPMENT_TEAM = UPP28B77QU;
				ENABLE_PREVIEWS = YES;
				GENERATE_INFOPLIST_FILE = YES;
				INFOPLIST_KEY_UIApplicationSceneManifest_Generation = YES;
				INFOPLIST_KEY_UIApplicationSupportsIndirectInputEvents = YES;
				INFOPLIST_KEY_UILaunchScreen_Generation = YES;
				INFOPLIST_KEY_UISupportedInterfaceOrientations_iPad = "UIInterfaceOrientationPortrait UIInterfaceOrientationPortraitUpsideDown UIInterfaceOrientationLandscapeLeft UIInterfaceOrientationLandscapeRight";
				INFOPLIST_KEY_UISupportedInterfaceOrientations_iPhone = "UIInterfaceOrientationPortrait UIInterfaceOrientationLandscapeLeft UIInterfaceOrientationLandscapeRight";
				IPHONEOS_DEPLOYMENT_TARGET = 15.0;
				LD_RUNPATH_SEARCH_PATHS = (
					"$(inherited)",
					"@executable_path/Frameworks",
				);
				MARKETING_VERSION = 1.0;
				PRODUCT_BUNDLE_IDENTIFIER = com.maximch.Formula;
				PRODUCT_NAME = "$(TARGET_NAME)";
				SWIFT_EMIT_LOC_STRINGS = YES;
				SWIFT_VERSION = 5.0;
				TARGETED_DEVICE_FAMILY = "1,2";
			};
			name = Debug;
		};
		E25CC8022C0A5F3C00FAD289 /* Release */ = {
			isa = XCBuildConfiguration;
			buildSettings = {
				ASSETCATALOG_COMPILER_APPICON_NAME = AppIcon;
				ASSETCATALOG_COMPILER_GLOBAL_ACCENT_COLOR_NAME = AccentColor;
				CODE_SIGN_STYLE = Automatic;
				CURRENT_PROJECT_VERSION = 1;
				DEVELOPMENT_ASSET_PATHS = "\"Formula/Preview Content\"";
				DEVELOPMENT_TEAM = UPP28B77QU;
				ENABLE_PREVIEWS = YES;
				GENERATE_INFOPLIST_FILE = YES;
				INFOPLIST_KEY_UIApplicationSceneManifest_Generation = YES;
				INFOPLIST_KEY_UIApplicationSupportsIndirectInputEvents = YES;
				INFOPLIST_KEY_UILaunchScreen_Generation = YES;
				INFOPLIST_KEY_UISupportedInterfaceOrientations_iPad = "UIInterfaceOrientationPortrait UIInterfaceOrientationPortraitUpsideDown UIInterfaceOrientationLandscapeLeft UIInterfaceOrientationLandscapeRight";
				INFOPLIST_KEY_UISupportedInterfaceOrientations_iPhone = "UIInterfaceOrientationPortrait UIInterfaceOrientationLandscapeLeft UIInterfaceOrientationLandscapeRight";
				IPHONEOS_DEPLOYMENT_TARGET = 15.0;
				LD_RUNPATH_SEARCH_PATHS = (
					"$(inherited)",
					"@executable_path/Frameworks",
				);
				MARKETING_VERSION = 1.0;
				PRODUCT_BUNDLE_IDENTIFIER = com.maximch.Formula;
				PRODUCT_NAME = "$(TARGET_NAME)";
				SWIFT_EMIT_LOC_STRINGS = YES;
				SWIFT_VERSION = 5.0;
				TARGETED_DEVICE_FAMILY = "1,2";
			};
			name = Release;
		};
		E25CC8042C0A5F3C00FAD289 /* Debug */ = {
			isa = XCBuildConfiguration;
			buildSettings = {
				ALWAYS_EMBED_SWIFT_STANDARD_LIBRARIES = YES;
				BUNDLE_LOADER = "$(TEST_HOST)";
				CODE_SIGN_STYLE = Automatic;
				CURRENT_PROJECT_VERSION = 1;
				DEVELOPMENT_TEAM = UPP28B77QU;
				GENERATE_INFOPLIST_FILE = YES;
				IPHONEOS_DEPLOYMENT_TARGET = 17.2;
				MARKETING_VERSION = 1.0;
				PRODUCT_BUNDLE_IDENTIFIER = com.maximch.FormulaTests;
				PRODUCT_NAME = "$(TARGET_NAME)";
				SWIFT_EMIT_LOC_STRINGS = NO;
				SWIFT_VERSION = 5.0;
				TARGETED_DEVICE_FAMILY = "1,2";
				TEST_HOST = "$(BUILT_PRODUCTS_DIR)/Formula.app/$(BUNDLE_EXECUTABLE_FOLDER_PATH)/Formula";
			};
			name = Debug;
		};
		E25CC8052C0A5F3C00FAD289 /* Release */ = {
			isa = XCBuildConfiguration;
			buildSettings = {
				ALWAYS_EMBED_SWIFT_STANDARD_LIBRARIES = YES;
				BUNDLE_LOADER = "$(TEST_HOST)";
				CODE_SIGN_STYLE = Automatic;
				CURRENT_PROJECT_VERSION = 1;
				DEVELOPMENT_TEAM = UPP28B77QU;
				GENERATE_INFOPLIST_FILE = YES;
				IPHONEOS_DEPLOYMENT_TARGET = 17.2;
				MARKETING_VERSION = 1.0;
				PRODUCT_BUNDLE_IDENTIFIER = com.maximch.FormulaTests;
				PRODUCT_NAME = "$(TARGET_NAME)";
				SWIFT_EMIT_LOC_STRINGS = NO;
				SWIFT_VERSION = 5.0;
				TARGETED_DEVICE_FAMILY = "1,2";
				TEST_HOST = "$(BUILT_PRODUCTS_DIR)/Formula.app/$(BUNDLE_EXECUTABLE_FOLDER_PATH)/Formula";
			};
			name = Release;
		};
		E25CC8072C0A5F3C00FAD289 /* Debug */ = {
			isa = XCBuildConfiguration;
			buildSettings = {
				ALWAYS_EMBED_SWIFT_STANDARD_LIBRARIES = YES;
				CODE_SIGN_STYLE = Automatic;
				CURRENT_PROJECT_VERSION = 1;
				DEVELOPMENT_TEAM = UPP28B77QU;
				GENERATE_INFOPLIST_FILE = YES;
				MARKETING_VERSION = 1.0;
				PRODUCT_BUNDLE_IDENTIFIER = com.maximch.FormulaUITests;
				PRODUCT_NAME = "$(TARGET_NAME)";
				SWIFT_EMIT_LOC_STRINGS = NO;
				SWIFT_VERSION = 5.0;
				TARGETED_DEVICE_FAMILY = "1,2";
				TEST_TARGET_NAME = Formula;
			};
			name = Debug;
		};
		E25CC8082C0A5F3C00FAD289 /* Release */ = {
			isa = XCBuildConfiguration;
			buildSettings = {
				ALWAYS_EMBED_SWIFT_STANDARD_LIBRARIES = YES;
				CODE_SIGN_STYLE = Automatic;
				CURRENT_PROJECT_VERSION = 1;
				DEVELOPMENT_TEAM = UPP28B77QU;
				GENERATE_INFOPLIST_FILE = YES;
				MARKETING_VERSION = 1.0;
				PRODUCT_BUNDLE_IDENTIFIER = com.maximch.FormulaUITests;
				PRODUCT_NAME = "$(TARGET_NAME)";
				SWIFT_EMIT_LOC_STRINGS = NO;
				SWIFT_VERSION = 5.0;
				TARGETED_DEVICE_FAMILY = "1,2";
				TEST_TARGET_NAME = Formula;
			};
			name = Release;
		};
/* End XCBuildConfiguration section */

/* Begin XCConfigurationList section */
		E25CC7D72C0A5F3B00FAD289 /* Build configuration list for PBXProject "Formula" */ = {
			isa = XCConfigurationList;
			buildConfigurations = (
				E25CC7FE2C0A5F3C00FAD289 /* Debug */,
				E25CC7FF2C0A5F3C00FAD289 /* Release */,
			);
			defaultConfigurationIsVisible = 0;
			defaultConfigurationName = Release;
		};
		E25CC8002C0A5F3C00FAD289 /* Build configuration list for PBXNativeTarget "Formula" */ = {
			isa = XCConfigurationList;
			buildConfigurations = (
				E25CC8012C0A5F3C00FAD289 /* Debug */,
				E25CC8022C0A5F3C00FAD289 /* Release */,
			);
			defaultConfigurationIsVisible = 0;
			defaultConfigurationName = Release;
		};
		E25CC8032C0A5F3C00FAD289 /* Build configuration list for PBXNativeTarget "FormulaTests" */ = {
			isa = XCConfigurationList;
			buildConfigurations = (
				E25CC8042C0A5F3C00FAD289 /* Debug */,
				E25CC8052C0A5F3C00FAD289 /* Release */,
			);
			defaultConfigurationIsVisible = 0;
			defaultConfigurationName = Release;
		};
		E25CC8062C0A5F3C00FAD289 /* Build configuration list for PBXNativeTarget "FormulaUITests" */ = {
			isa = XCConfigurationList;
			buildConfigurations = (
				E25CC8072C0A5F3C00FAD289 /* Debug */,
				E25CC8082C0A5F3C00FAD289 /* Release */,
			);
			defaultConfigurationIsVisible = 0;
			defaultConfigurationName = Release;
		};
/* End XCConfigurationList section */

/* Begin XCRemoteSwiftPackageReference section */
		E2419E6D2C0BAD730032D13A /* XCRemoteSwiftPackageReference "Nuke" */ = {
			isa = XCRemoteSwiftPackageReference;
			repositoryURL = "https://github.com/kean/Nuke";
			requirement = {
				kind = upToNextMinorVersion;
				minimumVersion = 12.7.1;
			};
		};
/* End XCRemoteSwiftPackageReference section */

/* Begin XCSwiftPackageProductDependency section */
		E2D4F86F2C0BAF6900949459 /* Nuke */ = {
			isa = XCSwiftPackageProductDependency;
			package = E2419E6D2C0BAD730032D13A /* XCRemoteSwiftPackageReference "Nuke" */;
			productName = Nuke;
		};
		E2D4F8712C0BAF6900949459 /* NukeExtensions */ = {
			isa = XCSwiftPackageProductDependency;
			package = E2419E6D2C0BAD730032D13A /* XCRemoteSwiftPackageReference "Nuke" */;
			productName = NukeExtensions;
		};
		E2D4F8732C0BAF6900949459 /* NukeUI */ = {
			isa = XCSwiftPackageProductDependency;
			package = E2419E6D2C0BAD730032D13A /* XCRemoteSwiftPackageReference "Nuke" */;
			productName = NukeUI;
		};
		E2D4F8752C0BAF6900949459 /* NukeVideo */ = {
			isa = XCSwiftPackageProductDependency;
			package = E2419E6D2C0BAD730032D13A /* XCRemoteSwiftPackageReference "Nuke" */;
			productName = NukeVideo;
		};
/* End XCSwiftPackageProductDependency section */
	};
	rootObject = E25CC7D42C0A5F3B00FAD289 /* Project object */;
}
