// !$*UTF8*$!
{
	archiveVersion = 1;
	classes = {
	};
	objectVersion = 56;
	objects = {

/* Begin PBXBuildFile section */
		E25CC7E02C0A5F3B00FAD289 /* FormulaApp.swift in Sources */ = {isa = PBXBuildFile; fileRef = E25CC7DF2C0A5F3B00FAD289 /* FormulaApp.swift */; };
		E25CC7E22C0A5F3B00FAD289 /* TabBarScreenView.swift in Sources */ = {isa = PBXBuildFile; fileRef = E25CC7E12C0A5F3B00FAD289 /* TabBarScreenView.swift */; };
		E25CC7E42C0A5F3C00FAD289 /* Assets.xcassets in Resources */ = {isa = PBXBuildFile; fileRef = E25CC7E32C0A5F3C00FAD289 /* Assets.xcassets */; };
		E25CC7E72C0A5F3C00FAD289 /* Preview Assets.xcassets in Resources */ = {isa = PBXBuildFile; fileRef = E25CC7E62C0A5F3C00FAD289 /* Preview Assets.xcassets */; };
		E25CC7FB2C0A5F3C00FAD289 /* FormulaUITests.swift in Sources */ = {isa = PBXBuildFile; fileRef = E25CC7FA2C0A5F3C00FAD289 /* FormulaUITests.swift */; };
		E25CC7FD2C0A5F3C00FAD289 /* FormulaUITestsLaunchTests.swift in Sources */ = {isa = PBXBuildFile; fileRef = E25CC7FC2C0A5F3C00FAD289 /* FormulaUITestsLaunchTests.swift */; };
		E25CC80B2C0A5FA900FAD289 /* TabView.swift in Sources */ = {isa = PBXBuildFile; fileRef = E25CC80A2C0A5FA900FAD289 /* TabView.swift */; };
		E26AA21D2C12EAE800779D30 /* WidgetKit.framework in Frameworks */ = {isa = PBXBuildFile; fileRef = E26AA21C2C12EAE800779D30 /* WidgetKit.framework */; };
		E26AA21F2C12EAE800779D30 /* SwiftUI.framework in Frameworks */ = {isa = PBXBuildFile; fileRef = E26AA21E2C12EAE800779D30 /* SwiftUI.framework */; };
		E26AA2222C12EAE800779D30 /* FormulaActivityWidgetBundle.swift in Sources */ = {isa = PBXBuildFile; fileRef = E26AA2212C12EAE800779D30 /* FormulaActivityWidgetBundle.swift */; };
		E26AA2242C12EAE800779D30 /* FormulaLiveActivity.swift in Sources */ = {isa = PBXBuildFile; fileRef = E26AA2232C12EAE800779D30 /* FormulaLiveActivity.swift */; };
		E26AA2262C12EAE800779D30 /* LIveWidget.swift in Sources */ = {isa = PBXBuildFile; fileRef = E26AA2252C12EAE800779D30 /* LIveWidget.swift */; };
		E26AA2282C12EAE800779D30 /* AppIntent.swift in Sources */ = {isa = PBXBuildFile; fileRef = E26AA2272C12EAE800779D30 /* AppIntent.swift */; };
		E26AA22A2C12EAEA00779D30 /* Assets.xcassets in Resources */ = {isa = PBXBuildFile; fileRef = E26AA2292C12EAEA00779D30 /* Assets.xcassets */; };
		E26AA22E2C12EAEA00779D30 /* LIveWidgetExtension.appex in Embed Foundation Extensions */ = {isa = PBXBuildFile; fileRef = E26AA21A2C12EAE800779D30 /* LIveWidgetExtension.appex */; settings = {ATTRIBUTES = (RemoveHeadersOnCopy, ); }; };
		E26AA2342C12EB6000779D30 /* FormulaAttributes.swift in Sources */ = {isa = PBXBuildFile; fileRef = E26AA2332C12EB6000779D30 /* FormulaAttributes.swift */; };
		E26AA2372C12EEFF00779D30 /* FormulaAttributes.swift in Sources */ = {isa = PBXBuildFile; fileRef = E26AA2332C12EB6000779D30 /* FormulaAttributes.swift */; };
		E26AA2382C12EF0000779D30 /* FormulaAttributes.swift in Sources */ = {isa = PBXBuildFile; fileRef = E26AA2332C12EB6000779D30 /* FormulaAttributes.swift */; };
		E26AA2392C12EF0000779D30 /* FormulaAttributes.swift in Sources */ = {isa = PBXBuildFile; fileRef = E26AA2332C12EB6000779D30 /* FormulaAttributes.swift */; };
		E2780E132CCB6AD9000AFF34 /* WebImage.swift in Sources */ = {isa = PBXBuildFile; fileRef = E2780E122CCB6AD9000AFF34 /* WebImage.swift */; };
		E2780E152CCB7229000AFF34 /* ImageLoader.swift in Sources */ = {isa = PBXBuildFile; fileRef = E2780E142CCB7229000AFF34 /* ImageLoader.swift */; };
		E2780E172CCB7250000AFF34 /* ImageLoaderError.swift in Sources */ = {isa = PBXBuildFile; fileRef = E2780E162CCB7250000AFF34 /* ImageLoaderError.swift */; };
		E297161B2C1B0806009E3D30 /* NeedleFoundation in Frameworks */ = {isa = PBXBuildFile; productRef = E297161A2C1B0806009E3D30 /* NeedleFoundation */; };
		E297161D2C1B0806009E3D30 /* NeedleFoundationTest in Frameworks */ = {isa = PBXBuildFile; productRef = E297161C2C1B0806009E3D30 /* NeedleFoundationTest */; };
		E29716202C1B0D45009E3D30 /* MainScreenComponent.swift in Sources */ = {isa = PBXBuildFile; fileRef = E297161F2C1B0D45009E3D30 /* MainScreenComponent.swift */; };
		E29716222C1B1057009E3D30 /* NeedleGenerated.swift in Sources */ = {isa = PBXBuildFile; fileRef = E29716212C1B1057009E3D30 /* NeedleGenerated.swift */; };
		E29716232C1B1057009E3D30 /* NeedleGenerated.swift in Sources */ = {isa = PBXBuildFile; fileRef = E29716212C1B1057009E3D30 /* NeedleGenerated.swift */; };
		E29716252C1DEDF9009E3D30 /* OffsetObservingScrollView.swift in Sources */ = {isa = PBXBuildFile; fileRef = E29716242C1DEDF9009E3D30 /* OffsetObservingScrollView.swift */; };
		E29716262C1DEDF9009E3D30 /* OffsetObservingScrollView.swift in Sources */ = {isa = PBXBuildFile; fileRef = E29716242C1DEDF9009E3D30 /* OffsetObservingScrollView.swift */; };
		E297162C2C1EAA19009E3D30 /* RecipeDetailView.swift in Sources */ = {isa = PBXBuildFile; fileRef = E297162B2C1EAA19009E3D30 /* RecipeDetailView.swift */; };
		E297162D2C1EAA19009E3D30 /* RecipeDetailView.swift in Sources */ = {isa = PBXBuildFile; fileRef = E297162B2C1EAA19009E3D30 /* RecipeDetailView.swift */; };
		E297162F2C1EAA2E009E3D30 /* RecipeDetailViewModel.swift in Sources */ = {isa = PBXBuildFile; fileRef = E297162E2C1EAA2E009E3D30 /* RecipeDetailViewModel.swift */; };
		E29716302C1EAA2E009E3D30 /* RecipeDetailViewModel.swift in Sources */ = {isa = PBXBuildFile; fileRef = E297162E2C1EAA2E009E3D30 /* RecipeDetailViewModel.swift */; };
		E29716342C1EE97E009E3D30 /* ScaleButtonStyle.swift in Sources */ = {isa = PBXBuildFile; fileRef = E29716332C1EE97E009E3D30 /* ScaleButtonStyle.swift */; };
		E29716352C1EE97E009E3D30 /* ScaleButtonStyle.swift in Sources */ = {isa = PBXBuildFile; fileRef = E29716332C1EE97E009E3D30 /* ScaleButtonStyle.swift */; };
		E29716372C20BCD2009E3D30 /* StatedButton.swift in Sources */ = {isa = PBXBuildFile; fileRef = E29716362C20BCD2009E3D30 /* StatedButton.swift */; };
		E29716382C20BCD2009E3D30 /* StatedButton.swift in Sources */ = {isa = PBXBuildFile; fileRef = E29716362C20BCD2009E3D30 /* StatedButton.swift */; };
		E29716442C21D668009E3D30 /* HeartView.swift in Sources */ = {isa = PBXBuildFile; fileRef = E29716432C21D668009E3D30 /* HeartView.swift */; };
		E29716452C21D668009E3D30 /* HeartView.swift in Sources */ = {isa = PBXBuildFile; fileRef = E29716432C21D668009E3D30 /* HeartView.swift */; };
		E29716472C22113A009E3D30 /* InfiniteProgressView.swift in Sources */ = {isa = PBXBuildFile; fileRef = E29716462C22113A009E3D30 /* InfiniteProgressView.swift */; };
		E29716482C22113A009E3D30 /* InfiniteProgressView.swift in Sources */ = {isa = PBXBuildFile; fileRef = E29716462C22113A009E3D30 /* InfiniteProgressView.swift */; };
		E297164A2C221AAC009E3D30 /* BublesProgressView.swift in Sources */ = {isa = PBXBuildFile; fileRef = E29716492C221AAC009E3D30 /* BublesProgressView.swift */; };
		E297164B2C221AAC009E3D30 /* BublesProgressView.swift in Sources */ = {isa = PBXBuildFile; fileRef = E29716492C221AAC009E3D30 /* BublesProgressView.swift */; };
		E2B0C8062C2307F40024CF05 /* UINavigationController+Extension.swift in Sources */ = {isa = PBXBuildFile; fileRef = E2B0C8052C2307F40024CF05 /* UINavigationController+Extension.swift */; };
		E2B0C8082C2308130024CF05 /* CustomNavigationBarModifier.swift in Sources */ = {isa = PBXBuildFile; fileRef = E2B0C8072C2308130024CF05 /* CustomNavigationBarModifier.swift */; };
		E2BF7BA92C245659002E702D /* FilterView.swift in Sources */ = {isa = PBXBuildFile; fileRef = E2BF7BA82C245659002E702D /* FilterView.swift */; };
		E2BF7BAC2C2482FE002E702D /* LoginView.swift in Sources */ = {isa = PBXBuildFile; fileRef = E2BF7BAB2C2482FE002E702D /* LoginView.swift */; };
		E2BF7BAE2C248346002E702D /* RequirementText.swift in Sources */ = {isa = PBXBuildFile; fileRef = E2BF7BAD2C248346002E702D /* RequirementText.swift */; };
		E2BF7BB02C248420002E702D /* FormField.swift in Sources */ = {isa = PBXBuildFile; fileRef = E2BF7BAF2C248420002E702D /* FormField.swift */; };
		E2BF7BB22C2489CA002E702D /* LoginViewModel.swift in Sources */ = {isa = PBXBuildFile; fileRef = E2BF7BB12C2489CA002E702D /* LoginViewModel.swift */; };
		E2BF7BB42C24903E002E702D /* KeyboardResponder.swift in Sources */ = {isa = PBXBuildFile; fileRef = E2BF7BB32C24903E002E702D /* KeyboardResponder.swift */; };
		E2BF7BB62C24906F002E702D /* KeyboardAdaptive.swift in Sources */ = {isa = PBXBuildFile; fileRef = E2BF7BB52C24906F002E702D /* KeyboardAdaptive.swift */; };
		E2BF7BB82C2494FB002E702D /* AdaptsToKeyboard.swift in Sources */ = {isa = PBXBuildFile; fileRef = E2BF7BB72C2494FB002E702D /* AdaptsToKeyboard.swift */; };
		E2C781DC2C22F32800149A18 /* FontsList.swift in Sources */ = {isa = PBXBuildFile; fileRef = E2C781DB2C22F32800149A18 /* FontsList.swift */; };
		E2C781DD2C22F32800149A18 /* FontsList.swift in Sources */ = {isa = PBXBuildFile; fileRef = E2C781DB2C22F32800149A18 /* FontsList.swift */; };
		E2D4F8702C0BAF6900949459 /* Nuke in Frameworks */ = {isa = PBXBuildFile; productRef = E2D4F86F2C0BAF6900949459 /* Nuke */; };
		E2D4F8722C0BAF6900949459 /* NukeExtensions in Frameworks */ = {isa = PBXBuildFile; productRef = E2D4F8712C0BAF6900949459 /* NukeExtensions */; };
		E2D4F8742C0BAF6900949459 /* NukeUI in Frameworks */ = {isa = PBXBuildFile; productRef = E2D4F8732C0BAF6900949459 /* NukeUI */; };
		E2D4F8762C0BAF6900949459 /* NukeVideo in Frameworks */ = {isa = PBXBuildFile; productRef = E2D4F8752C0BAF6900949459 /* NukeVideo */; };
		E2D4F8782C0C597400949459 /* SettingRow.swift in Sources */ = {isa = PBXBuildFile; fileRef = E2D4F8772C0C597400949459 /* SettingRow.swift */; };
		E2D4F87A2C0C598F00949459 /* FeedbackManager.swift in Sources */ = {isa = PBXBuildFile; fileRef = E2D4F8792C0C598F00949459 /* FeedbackManager.swift */; };
		E2D4F87C2C0C59FB00949459 /* SettingsViewModel.swift in Sources */ = {isa = PBXBuildFile; fileRef = E2D4F87B2C0C59FB00949459 /* SettingsViewModel.swift */; };
		E2D4F87E2C0C5A7700949459 /* AboutView.swift in Sources */ = {isa = PBXBuildFile; fileRef = E2D4F87D2C0C5A7700949459 /* AboutView.swift */; };
		E2D4F8802C0C5A9D00949459 /* ShareSheetView.swift in Sources */ = {isa = PBXBuildFile; fileRef = E2D4F87F2C0C5A9D00949459 /* ShareSheetView.swift */; };
		E2D4F8842C0C5B1F00949459 /* AppVersionRow.swift in Sources */ = {isa = PBXBuildFile; fileRef = E2D4F8832C0C5B1F00949459 /* AppVersionRow.swift */; };
		E2D4F8862C0C5B6700949459 /* CreditsView.swift in Sources */ = {isa = PBXBuildFile; fileRef = E2D4F8852C0C5B6700949459 /* CreditsView.swift */; };
		E2D4F8882C0C620500949459 /* ToggleSettingRow.swift in Sources */ = {isa = PBXBuildFile; fileRef = E2D4F8872C0C620500949459 /* ToggleSettingRow.swift */; };
		E2D4F88A2C0C622F00949459 /* View+Extension.swift in Sources */ = {isa = PBXBuildFile; fileRef = E2D4F8892C0C622F00949459 /* View+Extension.swift */; };
		E2D4F88C2C0C840100949459 /* Storage.swift in Sources */ = {isa = PBXBuildFile; fileRef = E2D4F88B2C0C840100949459 /* Storage.swift */; };
		E2D5F68C2C0A63D600E06E96 /* TabBarItem.swift in Sources */ = {isa = PBXBuildFile; fileRef = E2D5F68B2C0A63D600E06E96 /* TabBarItem.swift */; };
		E2D5F68E2C0A6A7300E06E96 /* Tab.swift in Sources */ = {isa = PBXBuildFile; fileRef = E2D5F68D2C0A6A7300E06E96 /* Tab.swift */; };
		E2D5F6902C0B2C8100E06E96 /* MainScreenView.swift in Sources */ = {isa = PBXBuildFile; fileRef = E2D5F68F2C0B2C8100E06E96 /* MainScreenView.swift */; };
		E2D5F6922C0B2F8100E06E96 /* SearchScreenView.swift in Sources */ = {isa = PBXBuildFile; fileRef = E2D5F6912C0B2F8100E06E96 /* SearchScreenView.swift */; };
		E2D5F6942C0B2FA400E06E96 /* NewsScreenView.swift in Sources */ = {isa = PBXBuildFile; fileRef = E2D5F6932C0B2FA400E06E96 /* NewsScreenView.swift */; };
		E2D5F6962C0B2FE200E06E96 /* ProfileScreenView.swift in Sources */ = {isa = PBXBuildFile; fileRef = E2D5F6952C0B2FE200E06E96 /* ProfileScreenView.swift */; };
		E2D5F6982C0B2FFD00E06E96 /* SettingsScreenView.swift in Sources */ = {isa = PBXBuildFile; fileRef = E2D5F6972C0B2FFD00E06E96 /* SettingsScreenView.swift */; };
		E2D5F6A02C0B31EA00E06E96 /* Color.swift in Sources */ = {isa = PBXBuildFile; fileRef = E2D5F69F2C0B31EA00E06E96 /* Color.swift */; };
		E2D5F6A52C0B42E500E06E96 /* APIProvider.swift in Sources */ = {isa = PBXBuildFile; fileRef = E2D5F6A42C0B42E500E06E96 /* APIProvider.swift */; };
		E2D5F6A72C0B432900E06E96 /* EndpointProtocol.swift in Sources */ = {isa = PBXBuildFile; fileRef = E2D5F6A62C0B432900E06E96 /* EndpointProtocol.swift */; };
		E2D5F6A92C0B436B00E06E96 /* APIProviderErrors.swift in Sources */ = {isa = PBXBuildFile; fileRef = E2D5F6A82C0B436B00E06E96 /* APIProviderErrors.swift */; };
		E2D5F6AB2C0B43B700E06E96 /* String+Extension.swift in Sources */ = {isa = PBXBuildFile; fileRef = E2D5F6AA2C0B43B700E06E96 /* String+Extension.swift */; };
		E2D5F6AD2C0B43DC00E06E96 /* APIErrors.swift in Sources */ = {isa = PBXBuildFile; fileRef = E2D5F6AC2C0B43DC00E06E96 /* APIErrors.swift */; };
		E2D5F6AF2C0B45D400E06E96 /* MainScreenViewModel.swift in Sources */ = {isa = PBXBuildFile; fileRef = E2D5F6AE2C0B45D400E06E96 /* MainScreenViewModel.swift */; };
		E2D5F6B12C0B45EE00E06E96 /* RecipesEndpoint.swift in Sources */ = {isa = PBXBuildFile; fileRef = E2D5F6B02C0B45EE00E06E96 /* RecipesEndpoint.swift */; };
		E2D5F6B32C0B46CF00E06E96 /* Container.swift in Sources */ = {isa = PBXBuildFile; fileRef = E2D5F6B22C0B46CF00E06E96 /* Container.swift */; };
		E2D5F6B62C0B47E000E06E96 /* RecipeSearchResult.swift in Sources */ = {isa = PBXBuildFile; fileRef = E2D5F6B52C0B47E000E06E96 /* RecipeSearchResult.swift */; };
		E2D5F6BA2C0B4F1400E06E96 /* RecipeCell.swift in Sources */ = {isa = PBXBuildFile; fileRef = E2D5F6B92C0B4F1400E06E96 /* RecipeCell.swift */; };
		E2D5F6BC2C0B5BBE00E06E96 /* RecipesList.swift in Sources */ = {isa = PBXBuildFile; fileRef = E2D5F6BB2C0B5BBE00E06E96 /* RecipesList.swift */; };
		E2D5F6BE2C0B852100E06E96 /* URLRequest+cURL.swift in Sources */ = {isa = PBXBuildFile; fileRef = E2D5F6BD2C0B852100E06E96 /* URLRequest+cURL.swift */; };
		E2D5F6C02C0B894A00E06E96 /* Data+JSON.swift in Sources */ = {isa = PBXBuildFile; fileRef = E2D5F6BF2C0B894A00E06E96 /* Data+JSON.swift */; };
		E2F74AA62C162FA20033D7EE /* MainScreenViewModelTests.swift in Sources */ = {isa = PBXBuildFile; fileRef = E2F74AA52C162FA20033D7EE /* MainScreenViewModelTests.swift */; };
		E2F74AA82C1631C10033D7EE /* APIProvider.swift in Sources */ = {isa = PBXBuildFile; fileRef = E2D5F6A42C0B42E500E06E96 /* APIProvider.swift */; };
		E2F74AA92C1631D20033D7EE /* RecipesEndpoint.swift in Sources */ = {isa = PBXBuildFile; fileRef = E2D5F6B02C0B45EE00E06E96 /* RecipesEndpoint.swift */; };
		E2F74AAA2C1631EE0033D7EE /* MainScreenViewModel.swift in Sources */ = {isa = PBXBuildFile; fileRef = E2D5F6AE2C0B45D400E06E96 /* MainScreenViewModel.swift */; };
		E2F74AAB2C1632840033D7EE /* RecipeSearchResult.swift in Sources */ = {isa = PBXBuildFile; fileRef = E2D5F6B52C0B47E000E06E96 /* RecipeSearchResult.swift */; };
		E2F74AAC2C1632860033D7EE /* EndpointProtocol.swift in Sources */ = {isa = PBXBuildFile; fileRef = E2D5F6A62C0B432900E06E96 /* EndpointProtocol.swift */; };
		E2F74AAD2C16328B0033D7EE /* Container.swift in Sources */ = {isa = PBXBuildFile; fileRef = E2D5F6B22C0B46CF00E06E96 /* Container.swift */; };
		E2F74AAE2C1632900033D7EE /* APIErrors.swift in Sources */ = {isa = PBXBuildFile; fileRef = E2D5F6AC2C0B43DC00E06E96 /* APIErrors.swift */; };
		E2F74AAF2C1632930033D7EE /* APIProviderErrors.swift in Sources */ = {isa = PBXBuildFile; fileRef = E2D5F6A82C0B436B00E06E96 /* APIProviderErrors.swift */; };
		E2F74AB02C1632D30033D7EE /* Data+JSON.swift in Sources */ = {isa = PBXBuildFile; fileRef = E2D5F6BF2C0B894A00E06E96 /* Data+JSON.swift */; };
		E2F74AB12C1632E30033D7EE /* String+Extension.swift in Sources */ = {isa = PBXBuildFile; fileRef = E2D5F6AA2C0B43B700E06E96 /* String+Extension.swift */; };
/* End PBXBuildFile section */

/* Begin PBXContainerItemProxy section */
		E25CC7ED2C0A5F3C00FAD289 /* PBXContainerItemProxy */ = {
			isa = PBXContainerItemProxy;
			containerPortal = E25CC7D42C0A5F3B00FAD289 /* Project object */;
			proxyType = 1;
			remoteGlobalIDString = E25CC7DB2C0A5F3B00FAD289;
			remoteInfo = Formula;
		};
		E25CC7F72C0A5F3C00FAD289 /* PBXContainerItemProxy */ = {
			isa = PBXContainerItemProxy;
			containerPortal = E25CC7D42C0A5F3B00FAD289 /* Project object */;
			proxyType = 1;
			remoteGlobalIDString = E25CC7DB2C0A5F3B00FAD289;
			remoteInfo = Formula;
		};
		E26AA22C2C12EAEA00779D30 /* PBXContainerItemProxy */ = {
			isa = PBXContainerItemProxy;
			containerPortal = E25CC7D42C0A5F3B00FAD289 /* Project object */;
			proxyType = 1;
			remoteGlobalIDString = E26AA2192C12EAE800779D30;
			remoteInfo = LIveWidgetExtension;
		};
/* End PBXContainerItemProxy section */

/* Begin PBXCopyFilesBuildPhase section */
		E26AA22F2C12EAEA00779D30 /* Embed Foundation Extensions */ = {
			isa = PBXCopyFilesBuildPhase;
			buildActionMask = 2147483647;
			dstPath = "";
			dstSubfolderSpec = 13;
			files = (
				E26AA22E2C12EAEA00779D30 /* LIveWidgetExtension.appex in Embed Foundation Extensions */,
			);
			name = "Embed Foundation Extensions";
			runOnlyForDeploymentPostprocessing = 0;
		};
/* End PBXCopyFilesBuildPhase section */

/* Begin PBXFileReference section */
		E25CC7DC2C0A5F3B00FAD289 /* Formula.app */ = {isa = PBXFileReference; explicitFileType = wrapper.application; includeInIndex = 0; path = Formula.app; sourceTree = BUILT_PRODUCTS_DIR; };
		E25CC7DF2C0A5F3B00FAD289 /* FormulaApp.swift */ = {isa = PBXFileReference; lastKnownFileType = sourcecode.swift; path = FormulaApp.swift; sourceTree = "<group>"; };
		E25CC7E12C0A5F3B00FAD289 /* TabBarScreenView.swift */ = {isa = PBXFileReference; lastKnownFileType = sourcecode.swift; path = TabBarScreenView.swift; sourceTree = "<group>"; };
		E25CC7E32C0A5F3C00FAD289 /* Assets.xcassets */ = {isa = PBXFileReference; lastKnownFileType = folder.assetcatalog; path = Assets.xcassets; sourceTree = "<group>"; };
		E25CC7E62C0A5F3C00FAD289 /* Preview Assets.xcassets */ = {isa = PBXFileReference; lastKnownFileType = folder.assetcatalog; path = "Preview Assets.xcassets"; sourceTree = "<group>"; };
		E25CC7EC2C0A5F3C00FAD289 /* FormulaTests.xctest */ = {isa = PBXFileReference; explicitFileType = wrapper.cfbundle; includeInIndex = 0; path = FormulaTests.xctest; sourceTree = BUILT_PRODUCTS_DIR; };
		E25CC7F62C0A5F3C00FAD289 /* FormulaUITests.xctest */ = {isa = PBXFileReference; explicitFileType = wrapper.cfbundle; includeInIndex = 0; path = FormulaUITests.xctest; sourceTree = BUILT_PRODUCTS_DIR; };
		E25CC7FA2C0A5F3C00FAD289 /* FormulaUITests.swift */ = {isa = PBXFileReference; lastKnownFileType = sourcecode.swift; path = FormulaUITests.swift; sourceTree = "<group>"; };
		E25CC7FC2C0A5F3C00FAD289 /* FormulaUITestsLaunchTests.swift */ = {isa = PBXFileReference; lastKnownFileType = sourcecode.swift; path = FormulaUITestsLaunchTests.swift; sourceTree = "<group>"; };
		E25CC80A2C0A5FA900FAD289 /* TabView.swift */ = {isa = PBXFileReference; lastKnownFileType = sourcecode.swift; path = TabView.swift; sourceTree = "<group>"; };
		E26AA21A2C12EAE800779D30 /* LIveWidgetExtension.appex */ = {isa = PBXFileReference; explicitFileType = "wrapper.app-extension"; includeInIndex = 0; path = LIveWidgetExtension.appex; sourceTree = BUILT_PRODUCTS_DIR; };
		E26AA21C2C12EAE800779D30 /* WidgetKit.framework */ = {isa = PBXFileReference; lastKnownFileType = wrapper.framework; name = WidgetKit.framework; path = System/Library/Frameworks/WidgetKit.framework; sourceTree = SDKROOT; };
		E26AA21E2C12EAE800779D30 /* SwiftUI.framework */ = {isa = PBXFileReference; lastKnownFileType = wrapper.framework; name = SwiftUI.framework; path = System/Library/Frameworks/SwiftUI.framework; sourceTree = SDKROOT; };
		E26AA2212C12EAE800779D30 /* FormulaActivityWidgetBundle.swift */ = {isa = PBXFileReference; lastKnownFileType = sourcecode.swift; path = FormulaActivityWidgetBundle.swift; sourceTree = "<group>"; };
		E26AA2232C12EAE800779D30 /* FormulaLiveActivity.swift */ = {isa = PBXFileReference; lastKnownFileType = sourcecode.swift; path = FormulaLiveActivity.swift; sourceTree = "<group>"; };
		E26AA2252C12EAE800779D30 /* LIveWidget.swift */ = {isa = PBXFileReference; lastKnownFileType = sourcecode.swift; path = LIveWidget.swift; sourceTree = "<group>"; };
		E26AA2272C12EAE800779D30 /* AppIntent.swift */ = {isa = PBXFileReference; lastKnownFileType = sourcecode.swift; path = AppIntent.swift; sourceTree = "<group>"; };
		E26AA2292C12EAEA00779D30 /* Assets.xcassets */ = {isa = PBXFileReference; lastKnownFileType = folder.assetcatalog; path = Assets.xcassets; sourceTree = "<group>"; };
		E26AA22B2C12EAEA00779D30 /* Info.plist */ = {isa = PBXFileReference; lastKnownFileType = text.plist.xml; path = Info.plist; sourceTree = "<group>"; };
		E26AA2332C12EB6000779D30 /* FormulaAttributes.swift */ = {isa = PBXFileReference; lastKnownFileType = sourcecode.swift; path = FormulaAttributes.swift; sourceTree = "<group>"; };
		E2780E122CCB6AD9000AFF34 /* WebImage.swift */ = {isa = PBXFileReference; lastKnownFileType = sourcecode.swift; path = WebImage.swift; sourceTree = "<group>"; };
		E2780E142CCB7229000AFF34 /* ImageLoader.swift */ = {isa = PBXFileReference; lastKnownFileType = sourcecode.swift; path = ImageLoader.swift; sourceTree = "<group>"; };
		E2780E162CCB7250000AFF34 /* ImageLoaderError.swift */ = {isa = PBXFileReference; lastKnownFileType = sourcecode.swift; path = ImageLoaderError.swift; sourceTree = "<group>"; };
		E297161F2C1B0D45009E3D30 /* MainScreenComponent.swift */ = {isa = PBXFileReference; lastKnownFileType = sourcecode.swift; path = MainScreenComponent.swift; sourceTree = "<group>"; };
		E29716212C1B1057009E3D30 /* NeedleGenerated.swift */ = {isa = PBXFileReference; fileEncoding = 4; lastKnownFileType = sourcecode.swift; path = NeedleGenerated.swift; sourceTree = "<group>"; };
		E29716242C1DEDF9009E3D30 /* OffsetObservingScrollView.swift */ = {isa = PBXFileReference; lastKnownFileType = sourcecode.swift; path = OffsetObservingScrollView.swift; sourceTree = "<group>"; };
		E297162B2C1EAA19009E3D30 /* RecipeDetailView.swift */ = {isa = PBXFileReference; lastKnownFileType = sourcecode.swift; path = RecipeDetailView.swift; sourceTree = "<group>"; };
		E297162E2C1EAA2E009E3D30 /* RecipeDetailViewModel.swift */ = {isa = PBXFileReference; lastKnownFileType = sourcecode.swift; path = RecipeDetailViewModel.swift; sourceTree = "<group>"; };
		E29716332C1EE97E009E3D30 /* ScaleButtonStyle.swift */ = {isa = PBXFileReference; lastKnownFileType = sourcecode.swift; path = ScaleButtonStyle.swift; sourceTree = "<group>"; };
		E29716362C20BCD2009E3D30 /* StatedButton.swift */ = {isa = PBXFileReference; lastKnownFileType = sourcecode.swift; path = StatedButton.swift; sourceTree = "<group>"; };
		E29716432C21D668009E3D30 /* HeartView.swift */ = {isa = PBXFileReference; lastKnownFileType = sourcecode.swift; path = HeartView.swift; sourceTree = "<group>"; };
		E29716462C22113A009E3D30 /* InfiniteProgressView.swift */ = {isa = PBXFileReference; lastKnownFileType = sourcecode.swift; path = InfiniteProgressView.swift; sourceTree = "<group>"; };
		E29716492C221AAC009E3D30 /* BublesProgressView.swift */ = {isa = PBXFileReference; lastKnownFileType = sourcecode.swift; path = BublesProgressView.swift; sourceTree = "<group>"; };
		E2B0C8052C2307F40024CF05 /* UINavigationController+Extension.swift */ = {isa = PBXFileReference; lastKnownFileType = sourcecode.swift; path = "UINavigationController+Extension.swift"; sourceTree = "<group>"; };
		E2B0C8072C2308130024CF05 /* CustomNavigationBarModifier.swift */ = {isa = PBXFileReference; lastKnownFileType = sourcecode.swift; path = CustomNavigationBarModifier.swift; sourceTree = "<group>"; };
		E2BF7BA82C245659002E702D /* FilterView.swift */ = {isa = PBXFileReference; lastKnownFileType = sourcecode.swift; path = FilterView.swift; sourceTree = "<group>"; };
		E2BF7BAB2C2482FE002E702D /* LoginView.swift */ = {isa = PBXFileReference; lastKnownFileType = sourcecode.swift; path = LoginView.swift; sourceTree = "<group>"; };
		E2BF7BAD2C248346002E702D /* RequirementText.swift */ = {isa = PBXFileReference; lastKnownFileType = sourcecode.swift; path = RequirementText.swift; sourceTree = "<group>"; };
		E2BF7BAF2C248420002E702D /* FormField.swift */ = {isa = PBXFileReference; lastKnownFileType = sourcecode.swift; path = FormField.swift; sourceTree = "<group>"; };
		E2BF7BB12C2489CA002E702D /* LoginViewModel.swift */ = {isa = PBXFileReference; lastKnownFileType = sourcecode.swift; path = LoginViewModel.swift; sourceTree = "<group>"; };
		E2BF7BB32C24903E002E702D /* KeyboardResponder.swift */ = {isa = PBXFileReference; lastKnownFileType = sourcecode.swift; path = KeyboardResponder.swift; sourceTree = "<group>"; };
		E2BF7BB52C24906F002E702D /* KeyboardAdaptive.swift */ = {isa = PBXFileReference; lastKnownFileType = sourcecode.swift; path = KeyboardAdaptive.swift; sourceTree = "<group>"; };
		E2BF7BB72C2494FB002E702D /* AdaptsToKeyboard.swift */ = {isa = PBXFileReference; lastKnownFileType = sourcecode.swift; path = AdaptsToKeyboard.swift; sourceTree = "<group>"; };
		E2C781DB2C22F32800149A18 /* FontsList.swift */ = {isa = PBXFileReference; lastKnownFileType = sourcecode.swift; path = FontsList.swift; sourceTree = "<group>"; };
		E2D4F8772C0C597400949459 /* SettingRow.swift */ = {isa = PBXFileReference; lastKnownFileType = sourcecode.swift; path = SettingRow.swift; sourceTree = "<group>"; };
		E2D4F8792C0C598F00949459 /* FeedbackManager.swift */ = {isa = PBXFileReference; lastKnownFileType = sourcecode.swift; path = FeedbackManager.swift; sourceTree = "<group>"; };
		E2D4F87B2C0C59FB00949459 /* SettingsViewModel.swift */ = {isa = PBXFileReference; lastKnownFileType = sourcecode.swift; path = SettingsViewModel.swift; sourceTree = "<group>"; };
		E2D4F87D2C0C5A7700949459 /* AboutView.swift */ = {isa = PBXFileReference; lastKnownFileType = sourcecode.swift; path = AboutView.swift; sourceTree = "<group>"; };
		E2D4F87F2C0C5A9D00949459 /* ShareSheetView.swift */ = {isa = PBXFileReference; lastKnownFileType = sourcecode.swift; path = ShareSheetView.swift; sourceTree = "<group>"; };
		E2D4F8832C0C5B1F00949459 /* AppVersionRow.swift */ = {isa = PBXFileReference; lastKnownFileType = sourcecode.swift; path = AppVersionRow.swift; sourceTree = "<group>"; };
		E2D4F8852C0C5B6700949459 /* CreditsView.swift */ = {isa = PBXFileReference; lastKnownFileType = sourcecode.swift; path = CreditsView.swift; sourceTree = "<group>"; };
		E2D4F8872C0C620500949459 /* ToggleSettingRow.swift */ = {isa = PBXFileReference; lastKnownFileType = sourcecode.swift; path = ToggleSettingRow.swift; sourceTree = "<group>"; };
		E2D4F8892C0C622F00949459 /* View+Extension.swift */ = {isa = PBXFileReference; lastKnownFileType = sourcecode.swift; path = "View+Extension.swift"; sourceTree = "<group>"; };
		E2D4F88B2C0C840100949459 /* Storage.swift */ = {isa = PBXFileReference; lastKnownFileType = sourcecode.swift; path = Storage.swift; sourceTree = "<group>"; };
		E2D5F68B2C0A63D600E06E96 /* TabBarItem.swift */ = {isa = PBXFileReference; lastKnownFileType = sourcecode.swift; path = TabBarItem.swift; sourceTree = "<group>"; };
		E2D5F68D2C0A6A7300E06E96 /* Tab.swift */ = {isa = PBXFileReference; lastKnownFileType = sourcecode.swift; path = Tab.swift; sourceTree = "<group>"; };
		E2D5F68F2C0B2C8100E06E96 /* MainScreenView.swift */ = {isa = PBXFileReference; lastKnownFileType = sourcecode.swift; path = MainScreenView.swift; sourceTree = "<group>"; };
		E2D5F6912C0B2F8100E06E96 /* SearchScreenView.swift */ = {isa = PBXFileReference; lastKnownFileType = sourcecode.swift; path = SearchScreenView.swift; sourceTree = "<group>"; };
		E2D5F6932C0B2FA400E06E96 /* NewsScreenView.swift */ = {isa = PBXFileReference; lastKnownFileType = sourcecode.swift; path = NewsScreenView.swift; sourceTree = "<group>"; };
		E2D5F6952C0B2FE200E06E96 /* ProfileScreenView.swift */ = {isa = PBXFileReference; lastKnownFileType = sourcecode.swift; path = ProfileScreenView.swift; sourceTree = "<group>"; };
		E2D5F6972C0B2FFD00E06E96 /* SettingsScreenView.swift */ = {isa = PBXFileReference; lastKnownFileType = sourcecode.swift; path = SettingsScreenView.swift; sourceTree = "<group>"; };
		E2D5F69F2C0B31EA00E06E96 /* Color.swift */ = {isa = PBXFileReference; lastKnownFileType = sourcecode.swift; path = Color.swift; sourceTree = "<group>"; };
		E2D5F6A42C0B42E500E06E96 /* APIProvider.swift */ = {isa = PBXFileReference; lastKnownFileType = sourcecode.swift; path = APIProvider.swift; sourceTree = "<group>"; };
		E2D5F6A62C0B432900E06E96 /* EndpointProtocol.swift */ = {isa = PBXFileReference; lastKnownFileType = sourcecode.swift; path = EndpointProtocol.swift; sourceTree = "<group>"; };
		E2D5F6A82C0B436B00E06E96 /* APIProviderErrors.swift */ = {isa = PBXFileReference; lastKnownFileType = sourcecode.swift; path = APIProviderErrors.swift; sourceTree = "<group>"; };
		E2D5F6AA2C0B43B700E06E96 /* String+Extension.swift */ = {isa = PBXFileReference; lastKnownFileType = sourcecode.swift; path = "String+Extension.swift"; sourceTree = "<group>"; };
		E2D5F6AC2C0B43DC00E06E96 /* APIErrors.swift */ = {isa = PBXFileReference; lastKnownFileType = sourcecode.swift; path = APIErrors.swift; sourceTree = "<group>"; };
		E2D5F6AE2C0B45D400E06E96 /* MainScreenViewModel.swift */ = {isa = PBXFileReference; lastKnownFileType = sourcecode.swift; path = MainScreenViewModel.swift; sourceTree = "<group>"; };
		E2D5F6B02C0B45EE00E06E96 /* RecipesEndpoint.swift */ = {isa = PBXFileReference; lastKnownFileType = sourcecode.swift; path = RecipesEndpoint.swift; sourceTree = "<group>"; };
		E2D5F6B22C0B46CF00E06E96 /* Container.swift */ = {isa = PBXFileReference; lastKnownFileType = sourcecode.swift; path = Container.swift; sourceTree = "<group>"; };
		E2D5F6B52C0B47E000E06E96 /* RecipeSearchResult.swift */ = {isa = PBXFileReference; lastKnownFileType = sourcecode.swift; path = RecipeSearchResult.swift; sourceTree = "<group>"; };
		E2D5F6B92C0B4F1400E06E96 /* RecipeCell.swift */ = {isa = PBXFileReference; lastKnownFileType = sourcecode.swift; path = RecipeCell.swift; sourceTree = "<group>"; };
		E2D5F6BB2C0B5BBE00E06E96 /* RecipesList.swift */ = {isa = PBXFileReference; lastKnownFileType = sourcecode.swift; path = RecipesList.swift; sourceTree = "<group>"; };
		E2D5F6BD2C0B852100E06E96 /* URLRequest+cURL.swift */ = {isa = PBXFileReference; lastKnownFileType = sourcecode.swift; path = "URLRequest+cURL.swift"; sourceTree = "<group>"; };
		E2D5F6BF2C0B894A00E06E96 /* Data+JSON.swift */ = {isa = PBXFileReference; lastKnownFileType = sourcecode.swift; path = "Data+JSON.swift"; sourceTree = "<group>"; };
		E2F74AA52C162FA20033D7EE /* MainScreenViewModelTests.swift */ = {isa = PBXFileReference; lastKnownFileType = sourcecode.swift; path = MainScreenViewModelTests.swift; sourceTree = "<group>"; };
/* End PBXFileReference section */

/* Begin PBXFrameworksBuildPhase section */
		E25CC7D92C0A5F3B00FAD289 /* Frameworks */ = {
			isa = PBXFrameworksBuildPhase;
			buildActionMask = 2147483647;
			files = (
				E2D4F8742C0BAF6900949459 /* NukeUI in Frameworks */,
				E2D4F8702C0BAF6900949459 /* Nuke in Frameworks */,
				E2D4F8722C0BAF6900949459 /* NukeExtensions in Frameworks */,
				E2D4F8762C0BAF6900949459 /* NukeVideo in Frameworks */,
				E297161D2C1B0806009E3D30 /* NeedleFoundationTest in Frameworks */,
				E297161B2C1B0806009E3D30 /* NeedleFoundation in Frameworks */,
			);
			runOnlyForDeploymentPostprocessing = 0;
		};
		E25CC7E92C0A5F3C00FAD289 /* Frameworks */ = {
			isa = PBXFrameworksBuildPhase;
			buildActionMask = 2147483647;
			files = (
			);
			runOnlyForDeploymentPostprocessing = 0;
		};
		E25CC7F32C0A5F3C00FAD289 /* Frameworks */ = {
			isa = PBXFrameworksBuildPhase;
			buildActionMask = 2147483647;
			files = (
			);
			runOnlyForDeploymentPostprocessing = 0;
		};
		E26AA2172C12EAE800779D30 /* Frameworks */ = {
			isa = PBXFrameworksBuildPhase;
			buildActionMask = 2147483647;
			files = (
				E26AA21F2C12EAE800779D30 /* SwiftUI.framework in Frameworks */,
				E26AA21D2C12EAE800779D30 /* WidgetKit.framework in Frameworks */,
			);
			runOnlyForDeploymentPostprocessing = 0;
		};
/* End PBXFrameworksBuildPhase section */

/* Begin PBXGroup section */
		E25CC7D32C0A5F3B00FAD289 = {
			isa = PBXGroup;
			children = (
				E2BF7BA82C245659002E702D /* FilterView.swift */,
				E25CC7DE2C0A5F3B00FAD289 /* Formula */,
				E25CC7EF2C0A5F3C00FAD289 /* FormulaTests */,
				E25CC7F92C0A5F3C00FAD289 /* FormulaUITests */,
				E26AA2202C12EAE800779D30 /* LIveWidget */,
				E26AA21B2C12EAE800779D30 /* Frameworks */,
				E25CC7DD2C0A5F3B00FAD289 /* Products */,
			);
			sourceTree = "<group>";
		};
		E25CC7DD2C0A5F3B00FAD289 /* Products */ = {
			isa = PBXGroup;
			children = (
				E25CC7DC2C0A5F3B00FAD289 /* Formula.app */,
				E25CC7EC2C0A5F3C00FAD289 /* FormulaTests.xctest */,
				E25CC7F62C0A5F3C00FAD289 /* FormulaUITests.xctest */,
				E26AA21A2C12EAE800779D30 /* LIveWidgetExtension.appex */,
			);
			name = Products;
			sourceTree = "<group>";
		};
		E25CC7DE2C0A5F3B00FAD289 /* Formula */ = {
			isa = PBXGroup;
			children = (
				E29716212C1B1057009E3D30 /* NeedleGenerated.swift */,
				E25CC7DF2C0A5F3B00FAD289 /* FormulaApp.swift */,
				E2D4F88B2C0C840100949459 /* Storage.swift */,
				E29716322C1EE96B009E3D30 /* Styles */,
				E2D5F6A12C0B429000E06E96 /* Services */,
				E29716292C1DF845009E3D30 /* Views */,
				E29716312C1EAA3F009E3D30 /* Modules */,
				E2D5F69E2C0B31E300E06E96 /* Extensions */,
				E25CC7E32C0A5F3C00FAD289 /* Assets.xcassets */,
				E25CC7E52C0A5F3C00FAD289 /* Preview Content */,
			);
			path = Formula;
			sourceTree = "<group>";
		};
		E25CC7E52C0A5F3C00FAD289 /* Preview Content */ = {
			isa = PBXGroup;
			children = (
				E25CC7E62C0A5F3C00FAD289 /* Preview Assets.xcassets */,
			);
			path = "Preview Content";
			sourceTree = "<group>";
		};
		E25CC7EF2C0A5F3C00FAD289 /* FormulaTests */ = {
			isa = PBXGroup;
			children = (
				E2F74AA42C162F800033D7EE /* MainScreen */,
			);
			path = FormulaTests;
			sourceTree = "<group>";
		};
		E25CC7F92C0A5F3C00FAD289 /* FormulaUITests */ = {
			isa = PBXGroup;
			children = (
				E25CC7FA2C0A5F3C00FAD289 /* FormulaUITests.swift */,
				E25CC7FC2C0A5F3C00FAD289 /* FormulaUITestsLaunchTests.swift */,
			);
			path = FormulaUITests;
			sourceTree = "<group>";
		};
		E25CC8092C0A5F9700FAD289 /* TabBar */ = {
			isa = PBXGroup;
			children = (
				E25CC7E12C0A5F3B00FAD289 /* TabBarScreenView.swift */,
				E25CC80A2C0A5FA900FAD289 /* TabView.swift */,
				E2D5F68B2C0A63D600E06E96 /* TabBarItem.swift */,
				E2D5F68D2C0A6A7300E06E96 /* Tab.swift */,
			);
			path = TabBar;
			sourceTree = "<group>";
		};
		E26AA21B2C12EAE800779D30 /* Frameworks */ = {
			isa = PBXGroup;
			children = (
				E26AA21C2C12EAE800779D30 /* WidgetKit.framework */,
				E26AA21E2C12EAE800779D30 /* SwiftUI.framework */,
			);
			name = Frameworks;
			sourceTree = "<group>";
		};
		E26AA2202C12EAE800779D30 /* LIveWidget */ = {
			isa = PBXGroup;
			children = (
				E26AA2212C12EAE800779D30 /* FormulaActivityWidgetBundle.swift */,
				E26AA2332C12EB6000779D30 /* FormulaAttributes.swift */,
				E26AA2232C12EAE800779D30 /* FormulaLiveActivity.swift */,
				E26AA2252C12EAE800779D30 /* LIveWidget.swift */,
				E26AA2272C12EAE800779D30 /* AppIntent.swift */,
				E26AA2292C12EAEA00779D30 /* Assets.xcassets */,
				E26AA22B2C12EAEA00779D30 /* Info.plist */,
			);
			path = LIveWidget;
			sourceTree = "<group>";
		};
		E2780E182CCB7262000AFF34 /* WebImage */ = {
			isa = PBXGroup;
			children = (
				E2780E122CCB6AD9000AFF34 /* WebImage.swift */,
				E2780E162CCB7250000AFF34 /* ImageLoaderError.swift */,
				E2780E142CCB7229000AFF34 /* ImageLoader.swift */,
			);
			path = WebImage;
			sourceTree = "<group>";
		};
		E29716292C1DF845009E3D30 /* Views */ = {
			isa = PBXGroup;
			children = (
				E29716242C1DEDF9009E3D30 /* OffsetObservingScrollView.swift */,
				E29716362C20BCD2009E3D30 /* StatedButton.swift */,
				E29716432C21D668009E3D30 /* HeartView.swift */,
				E29716492C221AAC009E3D30 /* BublesProgressView.swift */,
				E29716462C22113A009E3D30 /* InfiniteProgressView.swift */,
				E2C781DB2C22F32800149A18 /* FontsList.swift */,
				E2780E182CCB7262000AFF34 /* WebImage */,
			);
			path = Views;
			sourceTree = "<group>";
		};
		E297162A2C1EA9F7009E3D30 /* RecipeDetail */ = {
			isa = PBXGroup;
			children = (
				E297162E2C1EAA2E009E3D30 /* RecipeDetailViewModel.swift */,
				E297162B2C1EAA19009E3D30 /* RecipeDetailView.swift */,
			);
			path = RecipeDetail;
			sourceTree = "<group>";
		};
		E29716312C1EAA3F009E3D30 /* Modules */ = {
			isa = PBXGroup;
			children = (
				E2BF7BAA2C2482F3002E702D /* Login */,
				E25CC8092C0A5F9700FAD289 /* TabBar */,
				E2D5F6992C0B305000E06E96 /* Main */,
				E297162A2C1EA9F7009E3D30 /* RecipeDetail */,
				E2D5F69A2C0B305E00E06E96 /* Search */,
				E2D5F69B2C0B306D00E06E96 /* News */,
				E2D5F69C2C0B307500E06E96 /* Profile */,
				E2D5F69D2C0B307D00E06E96 /* Settings */,
			);
			path = Modules;
			sourceTree = "<group>";
		};
		E29716322C1EE96B009E3D30 /* Styles */ = {
			isa = PBXGroup;
			children = (
				E29716332C1EE97E009E3D30 /* ScaleButtonStyle.swift */,
				E2B0C8072C2308130024CF05 /* CustomNavigationBarModifier.swift */,
				E2BF7BB52C24906F002E702D /* KeyboardAdaptive.swift */,
				E2BF7BB32C24903E002E702D /* KeyboardResponder.swift */,
				E2BF7BB72C2494FB002E702D /* AdaptsToKeyboard.swift */,
			);
			path = Styles;
			sourceTree = "<group>";
		};
		E2BF7BAA2C2482F3002E702D /* Login */ = {
			isa = PBXGroup;
			children = (
				E2BF7BAB2C2482FE002E702D /* LoginView.swift */,
				E2BF7BB12C2489CA002E702D /* LoginViewModel.swift */,
				E2BF7BAD2C248346002E702D /* RequirementText.swift */,
				E2BF7BAF2C248420002E702D /* FormField.swift */,
			);
			path = Login;
			sourceTree = "<group>";
		};
		E2D5F6992C0B305000E06E96 /* Main */ = {
			isa = PBXGroup;
			children = (
				E297161F2C1B0D45009E3D30 /* MainScreenComponent.swift */,
				E2D5F6AE2C0B45D400E06E96 /* MainScreenViewModel.swift */,
				E2D5F68F2C0B2C8100E06E96 /* MainScreenView.swift */,
				E2D5F6BB2C0B5BBE00E06E96 /* RecipesList.swift */,
				E2D5F6B92C0B4F1400E06E96 /* RecipeCell.swift */,
			);
			path = Main;
			sourceTree = "<group>";
		};
		E2D5F69A2C0B305E00E06E96 /* Search */ = {
			isa = PBXGroup;
			children = (
				E2D5F6912C0B2F8100E06E96 /* SearchScreenView.swift */,
			);
			path = Search;
			sourceTree = "<group>";
		};
		E2D5F69B2C0B306D00E06E96 /* News */ = {
			isa = PBXGroup;
			children = (
				E2D5F6932C0B2FA400E06E96 /* NewsScreenView.swift */,
			);
			path = News;
			sourceTree = "<group>";
		};
		E2D5F69C2C0B307500E06E96 /* Profile */ = {
			isa = PBXGroup;
			children = (
				E2D5F6952C0B2FE200E06E96 /* ProfileScreenView.swift */,
			);
			path = Profile;
			sourceTree = "<group>";
		};
		E2D5F69D2C0B307D00E06E96 /* Settings */ = {
			isa = PBXGroup;
			children = (
				E2D4F87B2C0C59FB00949459 /* SettingsViewModel.swift */,
				E2D5F6972C0B2FFD00E06E96 /* SettingsScreenView.swift */,
				E2D4F8852C0C5B6700949459 /* CreditsView.swift */,
				E2D4F87F2C0C5A9D00949459 /* ShareSheetView.swift */,
				E2D4F87D2C0C5A7700949459 /* AboutView.swift */,
				E2D4F8772C0C597400949459 /* SettingRow.swift */,
				E2D4F8872C0C620500949459 /* ToggleSettingRow.swift */,
				E2D4F8832C0C5B1F00949459 /* AppVersionRow.swift */,
			);
			path = Settings;
			sourceTree = "<group>";
		};
		E2D5F69E2C0B31E300E06E96 /* Extensions */ = {
			isa = PBXGroup;
			children = (
				E2D5F69F2C0B31EA00E06E96 /* Color.swift */,
				E2D5F6AA2C0B43B700E06E96 /* String+Extension.swift */,
				E2D5F6BD2C0B852100E06E96 /* URLRequest+cURL.swift */,
				E2D5F6BF2C0B894A00E06E96 /* Data+JSON.swift */,
				E2D4F8892C0C622F00949459 /* View+Extension.swift */,
				E2B0C8052C2307F40024CF05 /* UINavigationController+Extension.swift */,
			);
			path = Extensions;
			sourceTree = "<group>";
		};
		E2D5F6A12C0B429000E06E96 /* Services */ = {
			isa = PBXGroup;
			children = (
				E2D5F6A22C0B42A300E06E96 /* Network */,
				E2D4F8792C0C598F00949459 /* FeedbackManager.swift */,
			);
			path = Services;
			sourceTree = "<group>";
		};
		E2D5F6A22C0B42A300E06E96 /* Network */ = {
			isa = PBXGroup;
			children = (
				E2D5F6B42C0B47D700E06E96 /* Models */,
				E2D5F6A32C0B42B700E06E96 /* Endpoints */,
				E2D5F6A42C0B42E500E06E96 /* APIProvider.swift */,
				E2D5F6AC2C0B43DC00E06E96 /* APIErrors.swift */,
				E2D5F6A82C0B436B00E06E96 /* APIProviderErrors.swift */,
			);
			path = Network;
			sourceTree = "<group>";
		};
		E2D5F6A32C0B42B700E06E96 /* Endpoints */ = {
			isa = PBXGroup;
			children = (
				E2D5F6A62C0B432900E06E96 /* EndpointProtocol.swift */,
				E2D5F6B02C0B45EE00E06E96 /* RecipesEndpoint.swift */,
				E2D5F6B22C0B46CF00E06E96 /* Container.swift */,
			);
			path = Endpoints;
			sourceTree = "<group>";
		};
		E2D5F6B42C0B47D700E06E96 /* Models */ = {
			isa = PBXGroup;
			children = (
				E2D5F6B52C0B47E000E06E96 /* RecipeSearchResult.swift */,
			);
			path = Models;
			sourceTree = "<group>";
		};
		E2F74AA42C162F800033D7EE /* MainScreen */ = {
			isa = PBXGroup;
			children = (
				E2F74AA52C162FA20033D7EE /* MainScreenViewModelTests.swift */,
			);
			path = MainScreen;
			sourceTree = "<group>";
		};
/* End PBXGroup section */

/* Begin PBXNativeTarget section */
		E25CC7DB2C0A5F3B00FAD289 /* Formula */ = {
			isa = PBXNativeTarget;
			buildConfigurationList = E25CC8002C0A5F3C00FAD289 /* Build configuration list for PBXNativeTarget "Formula" */;
			buildPhases = (
				E25CC7D82C0A5F3B00FAD289 /* Sources */,
				E25CC7D92C0A5F3B00FAD289 /* Frameworks */,
				E25CC7DA2C0A5F3B00FAD289 /* Resources */,
				E26AA22F2C12EAEA00779D30 /* Embed Foundation Extensions */,
				E297161E2C1B0926009E3D30 /* ShellScript */,
			);
			buildRules = (
			);
			dependencies = (
				E26AA22D2C12EAEA00779D30 /* PBXTargetDependency */,
			);
			name = Formula;
			packageProductDependencies = (
				E2D4F86F2C0BAF6900949459 /* Nuke */,
				E2D4F8712C0BAF6900949459 /* NukeExtensions */,
				E2D4F8732C0BAF6900949459 /* NukeUI */,
				E2D4F8752C0BAF6900949459 /* NukeVideo */,
				E297161A2C1B0806009E3D30 /* NeedleFoundation */,
				E297161C2C1B0806009E3D30 /* NeedleFoundationTest */,
			);
			productName = Formula;
			productReference = E25CC7DC2C0A5F3B00FAD289 /* Formula.app */;
			productType = "com.apple.product-type.application";
		};
		E25CC7EB2C0A5F3C00FAD289 /* FormulaTests */ = {
			isa = PBXNativeTarget;
			buildConfigurationList = E25CC8032C0A5F3C00FAD289 /* Build configuration list for PBXNativeTarget "FormulaTests" */;
			buildPhases = (
				E25CC7E82C0A5F3C00FAD289 /* Sources */,
				E25CC7E92C0A5F3C00FAD289 /* Frameworks */,
				E25CC7EA2C0A5F3C00FAD289 /* Resources */,
			);
			buildRules = (
			);
			dependencies = (
				E25CC7EE2C0A5F3C00FAD289 /* PBXTargetDependency */,
			);
			name = FormulaTests;
			productName = FormulaTests;
			productReference = E25CC7EC2C0A5F3C00FAD289 /* FormulaTests.xctest */;
			productType = "com.apple.product-type.bundle.unit-test";
		};
		E25CC7F52C0A5F3C00FAD289 /* FormulaUITests */ = {
			isa = PBXNativeTarget;
			buildConfigurationList = E25CC8062C0A5F3C00FAD289 /* Build configuration list for PBXNativeTarget "FormulaUITests" */;
			buildPhases = (
				E25CC7F22C0A5F3C00FAD289 /* Sources */,
				E25CC7F32C0A5F3C00FAD289 /* Frameworks */,
				E25CC7F42C0A5F3C00FAD289 /* Resources */,
			);
			buildRules = (
			);
			dependencies = (
				E25CC7F82C0A5F3C00FAD289 /* PBXTargetDependency */,
			);
			name = FormulaUITests;
			productName = FormulaUITests;
			productReference = E25CC7F62C0A5F3C00FAD289 /* FormulaUITests.xctest */;
			productType = "com.apple.product-type.bundle.ui-testing";
		};
		E26AA2192C12EAE800779D30 /* LIveWidgetExtension */ = {
			isa = PBXNativeTarget;
			buildConfigurationList = E26AA2322C12EAEA00779D30 /* Build configuration list for PBXNativeTarget "LIveWidgetExtension" */;
			buildPhases = (
				E26AA2162C12EAE800779D30 /* Sources */,
				E26AA2172C12EAE800779D30 /* Frameworks */,
				E26AA2182C12EAE800779D30 /* Resources */,
			);
			buildRules = (
			);
			dependencies = (
			);
			name = LIveWidgetExtension;
			productName = LIveWidgetExtension;
			productReference = E26AA21A2C12EAE800779D30 /* LIveWidgetExtension.appex */;
			productType = "com.apple.product-type.app-extension";
		};
/* End PBXNativeTarget section */

/* Begin PBXProject section */
		E25CC7D42C0A5F3B00FAD289 /* Project object */ = {
			isa = PBXProject;
			attributes = {
				BuildIndependentTargetsInParallel = 1;
				LastSwiftUpdateCheck = 1520;
				LastUpgradeCheck = 1520;
				TargetAttributes = {
					E25CC7DB2C0A5F3B00FAD289 = {
						CreatedOnToolsVersion = 15.2;
					};
					E25CC7EB2C0A5F3C00FAD289 = {
						CreatedOnToolsVersion = 15.2;
						TestTargetID = E25CC7DB2C0A5F3B00FAD289;
					};
					E25CC7F52C0A5F3C00FAD289 = {
						CreatedOnToolsVersion = 15.2;
						TestTargetID = E25CC7DB2C0A5F3B00FAD289;
					};
					E26AA2192C12EAE800779D30 = {
						CreatedOnToolsVersion = 15.2;
					};
				};
			};
			buildConfigurationList = E25CC7D72C0A5F3B00FAD289 /* Build configuration list for PBXProject "Formula" */;
			compatibilityVersion = "Xcode 14.0";
			developmentRegion = en;
			hasScannedForEncodings = 0;
			knownRegions = (
				en,
				Base,
			);
			mainGroup = E25CC7D32C0A5F3B00FAD289;
			packageReferences = (
				E2419E6D2C0BAD730032D13A /* XCRemoteSwiftPackageReference "Nuke" */,
				E29716192C1B07ED009E3D30 /* XCRemoteSwiftPackageReference "needle" */,
			);
			productRefGroup = E25CC7DD2C0A5F3B00FAD289 /* Products */;
			projectDirPath = "";
			projectRoot = "";
			targets = (
				E25CC7DB2C0A5F3B00FAD289 /* Formula */,
				E25CC7EB2C0A5F3C00FAD289 /* FormulaTests */,
				E25CC7F52C0A5F3C00FAD289 /* FormulaUITests */,
				E26AA2192C12EAE800779D30 /* LIveWidgetExtension */,
			);
		};
/* End PBXProject section */

/* Begin PBXResourcesBuildPhase section */
		E25CC7DA2C0A5F3B00FAD289 /* Resources */ = {
			isa = PBXResourcesBuildPhase;
			buildActionMask = 2147483647;
			files = (
				E25CC7E72C0A5F3C00FAD289 /* Preview Assets.xcassets in Resources */,
				E25CC7E42C0A5F3C00FAD289 /* Assets.xcassets in Resources */,
			);
			runOnlyForDeploymentPostprocessing = 0;
		};
		E25CC7EA2C0A5F3C00FAD289 /* Resources */ = {
			isa = PBXResourcesBuildPhase;
			buildActionMask = 2147483647;
			files = (
			);
			runOnlyForDeploymentPostprocessing = 0;
		};
		E25CC7F42C0A5F3C00FAD289 /* Resources */ = {
			isa = PBXResourcesBuildPhase;
			buildActionMask = 2147483647;
			files = (
			);
			runOnlyForDeploymentPostprocessing = 0;
		};
		E26AA2182C12EAE800779D30 /* Resources */ = {
			isa = PBXResourcesBuildPhase;
			buildActionMask = 2147483647;
			files = (
				E26AA22A2C12EAEA00779D30 /* Assets.xcassets in Resources */,
			);
			runOnlyForDeploymentPostprocessing = 0;
		};
/* End PBXResourcesBuildPhase section */

/* Begin PBXShellScriptBuildPhase section */
		E297161E2C1B0926009E3D30 /* ShellScript */ = {
			isa = PBXShellScriptBuildPhase;
			alwaysOutOfDate = 1;
			buildActionMask = 2147483647;
			files = (
			);
			inputFileListPaths = (
			);
			inputPaths = (
			);
			outputFileListPaths = (
			);
			outputPaths = (
			);
			runOnlyForDeploymentPostprocessing = 0;
			shellPath = /bin/sh;
			shellScript = "needle generate Formula/NeedleGenerated.swift Formula/\n";
		};
/* End PBXShellScriptBuildPhase section */

/* Begin PBXSourcesBuildPhase section */
		E25CC7D82C0A5F3B00FAD289 /* Sources */ = {
			isa = PBXSourcesBuildPhase;
			buildActionMask = 2147483647;
			files = (
				E2BF7BAE2C248346002E702D /* RequirementText.swift in Sources */,
				E2D5F6A92C0B436B00E06E96 /* APIProviderErrors.swift in Sources */,
				E297164A2C221AAC009E3D30 /* BublesProgressView.swift in Sources */,
				E2D4F8782C0C597400949459 /* SettingRow.swift in Sources */,
				E29716342C1EE97E009E3D30 /* ScaleButtonStyle.swift in Sources */,
				E2D5F6AD2C0B43DC00E06E96 /* APIErrors.swift in Sources */,
				E25CC80B2C0A5FA900FAD289 /* TabView.swift in Sources */,
				E2BF7BB22C2489CA002E702D /* LoginViewModel.swift in Sources */,
				E2D5F6902C0B2C8100E06E96 /* MainScreenView.swift in Sources */,
				E2D5F6BE2C0B852100E06E96 /* URLRequest+cURL.swift in Sources */,
				E2780E132CCB6AD9000AFF34 /* WebImage.swift in Sources */,
				E2D5F6B62C0B47E000E06E96 /* RecipeSearchResult.swift in Sources */,
				E2D4F88A2C0C622F00949459 /* View+Extension.swift in Sources */,
				E29716202C1B0D45009E3D30 /* MainScreenComponent.swift in Sources */,
				E2D5F6B32C0B46CF00E06E96 /* Container.swift in Sources */,
				E2D4F87E2C0C5A7700949459 /* AboutView.swift in Sources */,
				E2D4F8882C0C620500949459 /* ToggleSettingRow.swift in Sources */,
				E2D4F8802C0C5A9D00949459 /* ShareSheetView.swift in Sources */,
				E297162F2C1EAA2E009E3D30 /* RecipeDetailViewModel.swift in Sources */,
				E29716252C1DEDF9009E3D30 /* OffsetObservingScrollView.swift in Sources */,
				E2BF7BB02C248420002E702D /* FormField.swift in Sources */,
				E2D5F6A72C0B432900E06E96 /* EndpointProtocol.swift in Sources */,
				E2D5F6A02C0B31EA00E06E96 /* Color.swift in Sources */,
				E2D4F8842C0C5B1F00949459 /* AppVersionRow.swift in Sources */,
				E2BF7BB42C24903E002E702D /* KeyboardResponder.swift in Sources */,
				E2D4F88C2C0C840100949459 /* Storage.swift in Sources */,
				E25CC7E22C0A5F3B00FAD289 /* TabBarScreenView.swift in Sources */,
				E2D5F68E2C0A6A7300E06E96 /* Tab.swift in Sources */,
				E2D4F87A2C0C598F00949459 /* FeedbackManager.swift in Sources */,
				E29716442C21D668009E3D30 /* HeartView.swift in Sources */,
				E2D5F6A52C0B42E500E06E96 /* APIProvider.swift in Sources */,
				E2D5F6B12C0B45EE00E06E96 /* RecipesEndpoint.swift in Sources */,
				E2780E152CCB7229000AFF34 /* ImageLoader.swift in Sources */,
				E2D5F68C2C0A63D600E06E96 /* TabBarItem.swift in Sources */,
				E2D5F6982C0B2FFD00E06E96 /* SettingsScreenView.swift in Sources */,
				E2D4F8862C0C5B6700949459 /* CreditsView.swift in Sources */,
				E2D5F6C02C0B894A00E06E96 /* Data+JSON.swift in Sources */,
				E2BF7BB62C24906F002E702D /* KeyboardAdaptive.swift in Sources */,
				E2D5F6AF2C0B45D400E06E96 /* MainScreenViewModel.swift in Sources */,
				E297162C2C1EAA19009E3D30 /* RecipeDetailView.swift in Sources */,
				E2B0C8082C2308130024CF05 /* CustomNavigationBarModifier.swift in Sources */,
				E2D5F6922C0B2F8100E06E96 /* SearchScreenView.swift in Sources */,
				E2BF7BA92C245659002E702D /* FilterView.swift in Sources */,
				E25CC7E02C0A5F3B00FAD289 /* FormulaApp.swift in Sources */,
				E29716372C20BCD2009E3D30 /* StatedButton.swift in Sources */,
				E2780E172CCB7250000AFF34 /* ImageLoaderError.swift in Sources */,
				E2BF7BAC2C2482FE002E702D /* LoginView.swift in Sources */,
				E29716472C22113A009E3D30 /* InfiniteProgressView.swift in Sources */,
				E26AA2342C12EB6000779D30 /* FormulaAttributes.swift in Sources */,
				E2B0C8062C2307F40024CF05 /* UINavigationController+Extension.swift in Sources */,
				E2D5F6962C0B2FE200E06E96 /* ProfileScreenView.swift in Sources */,
				E2D5F6BC2C0B5BBE00E06E96 /* RecipesList.swift in Sources */,
				E2D5F6AB2C0B43B700E06E96 /* String+Extension.swift in Sources */,
				E2BF7BB82C2494FB002E702D /* AdaptsToKeyboard.swift in Sources */,
				E2D5F6942C0B2FA400E06E96 /* NewsScreenView.swift in Sources */,
				E29716222C1B1057009E3D30 /* NeedleGenerated.swift in Sources */,
				E2D5F6BA2C0B4F1400E06E96 /* RecipeCell.swift in Sources */,
				E2C781DC2C22F32800149A18 /* FontsList.swift in Sources */,
				E2D4F87C2C0C59FB00949459 /* SettingsViewModel.swift in Sources */,
			);
			runOnlyForDeploymentPostprocessing = 0;
		};
		E25CC7E82C0A5F3C00FAD289 /* Sources */ = {
			isa = PBXSourcesBuildPhase;
			buildActionMask = 2147483647;
			files = (
				E29716452C21D668009E3D30 /* HeartView.swift in Sources */,
				E2F74AA62C162FA20033D7EE /* MainScreenViewModelTests.swift in Sources */,
				E297162D2C1EAA19009E3D30 /* RecipeDetailView.swift in Sources */,
				E2F74AB02C1632D30033D7EE /* Data+JSON.swift in Sources */,
				E29716232C1B1057009E3D30 /* NeedleGenerated.swift in Sources */,
				E2F74AAF2C1632930033D7EE /* APIProviderErrors.swift in Sources */,
				E2F74AA82C1631C10033D7EE /* APIProvider.swift in Sources */,
				E29716262C1DEDF9009E3D30 /* OffsetObservingScrollView.swift in Sources */,
				E26AA2372C12EEFF00779D30 /* FormulaAttributes.swift in Sources */,
				E2F74AB12C1632E30033D7EE /* String+Extension.swift in Sources */,
				E29716382C20BCD2009E3D30 /* StatedButton.swift in Sources */,
				E29716482C22113A009E3D30 /* InfiniteProgressView.swift in Sources */,
				E2C781DD2C22F32800149A18 /* FontsList.swift in Sources */,
				E2F74AAC2C1632860033D7EE /* EndpointProtocol.swift in Sources */,
				E2F74AAE2C1632900033D7EE /* APIErrors.swift in Sources */,
				E29716352C1EE97E009E3D30 /* ScaleButtonStyle.swift in Sources */,
				E2F74AA92C1631D20033D7EE /* RecipesEndpoint.swift in Sources */,
				E2F74AAB2C1632840033D7EE /* RecipeSearchResult.swift in Sources */,
				E29716302C1EAA2E009E3D30 /* RecipeDetailViewModel.swift in Sources */,
				E2F74AAD2C16328B0033D7EE /* Container.swift in Sources */,
				E297164B2C221AAC009E3D30 /* BublesProgressView.swift in Sources */,
				E2F74AAA2C1631EE0033D7EE /* MainScreenViewModel.swift in Sources */,
			);
			runOnlyForDeploymentPostprocessing = 0;
		};
		E25CC7F22C0A5F3C00FAD289 /* Sources */ = {
			isa = PBXSourcesBuildPhase;
			buildActionMask = 2147483647;
			files = (
				E25CC7FB2C0A5F3C00FAD289 /* FormulaUITests.swift in Sources */,
				E26AA2382C12EF0000779D30 /* FormulaAttributes.swift in Sources */,
				E25CC7FD2C0A5F3C00FAD289 /* FormulaUITestsLaunchTests.swift in Sources */,
			);
			runOnlyForDeploymentPostprocessing = 0;
		};
		E26AA2162C12EAE800779D30 /* Sources */ = {
			isa = PBXSourcesBuildPhase;
			buildActionMask = 2147483647;
			files = (
				E26AA2242C12EAE800779D30 /* FormulaLiveActivity.swift in Sources */,
				E26AA2282C12EAE800779D30 /* AppIntent.swift in Sources */,
				E26AA2262C12EAE800779D30 /* LIveWidget.swift in Sources */,
				E26AA2392C12EF0000779D30 /* FormulaAttributes.swift in Sources */,
				E26AA2222C12EAE800779D30 /* FormulaActivityWidgetBundle.swift in Sources */,
			);
			runOnlyForDeploymentPostprocessing = 0;
		};
/* End PBXSourcesBuildPhase section */

/* Begin PBXTargetDependency section */
		E25CC7EE2C0A5F3C00FAD289 /* PBXTargetDependency */ = {
			isa = PBXTargetDependency;
			target = E25CC7DB2C0A5F3B00FAD289 /* Formula */;
			targetProxy = E25CC7ED2C0A5F3C00FAD289 /* PBXContainerItemProxy */;
		};
		E25CC7F82C0A5F3C00FAD289 /* PBXTargetDependency */ = {
			isa = PBXTargetDependency;
			target = E25CC7DB2C0A5F3B00FAD289 /* Formula */;
			targetProxy = E25CC7F72C0A5F3C00FAD289 /* PBXContainerItemProxy */;
		};
		E26AA22D2C12EAEA00779D30 /* PBXTargetDependency */ = {
			isa = PBXTargetDependency;
			target = E26AA2192C12EAE800779D30 /* LIveWidgetExtension */;
			targetProxy = E26AA22C2C12EAEA00779D30 /* PBXContainerItemProxy */;
		};
/* End PBXTargetDependency section */

/* Begin XCBuildConfiguration section */
		E25CC7FE2C0A5F3C00FAD289 /* Debug */ = {
			isa = XCBuildConfiguration;
			buildSettings = {
				ALWAYS_SEARCH_USER_PATHS = NO;
				ASSETCATALOG_COMPILER_GENERATE_SWIFT_ASSET_SYMBOL_EXTENSIONS = YES;
				CLANG_ANALYZER_NONNULL = YES;
				CLANG_ANALYZER_NUMBER_OBJECT_CONVERSION = YES_AGGRESSIVE;
				CLANG_CXX_LANGUAGE_STANDARD = "gnu++20";
				CLANG_ENABLE_MODULES = YES;
				CLANG_ENABLE_OBJC_ARC = YES;
				CLANG_ENABLE_OBJC_WEAK = YES;
				CLANG_WARN_BLOCK_CAPTURE_AUTORELEASING = YES;
				CLANG_WARN_BOOL_CONVERSION = YES;
				CLANG_WARN_COMMA = YES;
				CLANG_WARN_CONSTANT_CONVERSION = YES;
				CLANG_WARN_DEPRECATED_OBJC_IMPLEMENTATIONS = YES;
				CLANG_WARN_DIRECT_OBJC_ISA_USAGE = YES_ERROR;
				CLANG_WARN_DOCUMENTATION_COMMENTS = YES;
				CLANG_WARN_EMPTY_BODY = YES;
				CLANG_WARN_ENUM_CONVERSION = YES;
				CLANG_WARN_INFINITE_RECURSION = YES;
				CLANG_WARN_INT_CONVERSION = YES;
				CLANG_WARN_NON_LITERAL_NULL_CONVERSION = YES;
				CLANG_WARN_OBJC_IMPLICIT_RETAIN_SELF = YES;
				CLANG_WARN_OBJC_LITERAL_CONVERSION = YES;
				CLANG_WARN_OBJC_ROOT_CLASS = YES_ERROR;
				CLANG_WARN_QUOTED_INCLUDE_IN_FRAMEWORK_HEADER = YES;
				CLANG_WARN_RANGE_LOOP_ANALYSIS = YES;
				CLANG_WARN_STRICT_PROTOTYPES = YES;
				CLANG_WARN_SUSPICIOUS_MOVE = YES;
				CLANG_WARN_UNGUARDED_AVAILABILITY = YES_AGGRESSIVE;
				CLANG_WARN_UNREACHABLE_CODE = YES;
				CLANG_WARN__DUPLICATE_METHOD_MATCH = YES;
				COPY_PHASE_STRIP = NO;
				DEBUG_INFORMATION_FORMAT = dwarf;
				ENABLE_STRICT_OBJC_MSGSEND = YES;
				ENABLE_TESTABILITY = YES;
				ENABLE_USER_SCRIPT_SANDBOXING = YES;
				GCC_C_LANGUAGE_STANDARD = gnu17;
				GCC_DYNAMIC_NO_PIC = NO;
				GCC_NO_COMMON_BLOCKS = YES;
				GCC_OPTIMIZATION_LEVEL = 0;
				GCC_PREPROCESSOR_DEFINITIONS = (
					"DEBUG=1",
					"$(inherited)",
				);
				GCC_WARN_64_TO_32_BIT_CONVERSION = YES;
				GCC_WARN_ABOUT_RETURN_TYPE = YES_ERROR;
				GCC_WARN_UNDECLARED_SELECTOR = YES;
				GCC_WARN_UNINITIALIZED_AUTOS = YES_AGGRESSIVE;
				GCC_WARN_UNUSED_FUNCTION = YES;
				GCC_WARN_UNUSED_VARIABLE = YES;
				IPHONEOS_DEPLOYMENT_TARGET = 16.1;
				LOCALIZATION_PREFERS_STRING_CATALOGS = YES;
				MTL_ENABLE_DEBUG_INFO = INCLUDE_SOURCE;
				MTL_FAST_MATH = YES;
				ONLY_ACTIVE_ARCH = YES;
				SDKROOT = iphoneos;
				SWIFT_ACTIVE_COMPILATION_CONDITIONS = "DEBUG $(inherited)";
				SWIFT_OPTIMIZATION_LEVEL = "-Onone";
			};
			name = Debug;
		};
		E25CC7FF2C0A5F3C00FAD289 /* Release */ = {
			isa = XCBuildConfiguration;
			buildSettings = {
				ALWAYS_SEARCH_USER_PATHS = NO;
				ASSETCATALOG_COMPILER_GENERATE_SWIFT_ASSET_SYMBOL_EXTENSIONS = YES;
				CLANG_ANALYZER_NONNULL = YES;
				CLANG_ANALYZER_NUMBER_OBJECT_CONVERSION = YES_AGGRESSIVE;
				CLANG_CXX_LANGUAGE_STANDARD = "gnu++20";
				CLANG_ENABLE_MODULES = YES;
				CLANG_ENABLE_OBJC_ARC = YES;
				CLANG_ENABLE_OBJC_WEAK = YES;
				CLANG_WARN_BLOCK_CAPTURE_AUTORELEASING = YES;
				CLANG_WARN_BOOL_CONVERSION = YES;
				CLANG_WARN_COMMA = YES;
				CLANG_WARN_CONSTANT_CONVERSION = YES;
				CLANG_WARN_DEPRECATED_OBJC_IMPLEMENTATIONS = YES;
				CLANG_WARN_DIRECT_OBJC_ISA_USAGE = YES_ERROR;
				CLANG_WARN_DOCUMENTATION_COMMENTS = YES;
				CLANG_WARN_EMPTY_BODY = YES;
				CLANG_WARN_ENUM_CONVERSION = YES;
				CLANG_WARN_INFINITE_RECURSION = YES;
				CLANG_WARN_INT_CONVERSION = YES;
				CLANG_WARN_NON_LITERAL_NULL_CONVERSION = YES;
				CLANG_WARN_OBJC_IMPLICIT_RETAIN_SELF = YES;
				CLANG_WARN_OBJC_LITERAL_CONVERSION = YES;
				CLANG_WARN_OBJC_ROOT_CLASS = YES_ERROR;
				CLANG_WARN_QUOTED_INCLUDE_IN_FRAMEWORK_HEADER = YES;
				CLANG_WARN_RANGE_LOOP_ANALYSIS = YES;
				CLANG_WARN_STRICT_PROTOTYPES = YES;
				CLANG_WARN_SUSPICIOUS_MOVE = YES;
				CLANG_WARN_UNGUARDED_AVAILABILITY = YES_AGGRESSIVE;
				CLANG_WARN_UNREACHABLE_CODE = YES;
				CLANG_WARN__DUPLICATE_METHOD_MATCH = YES;
				COPY_PHASE_STRIP = NO;
				DEBUG_INFORMATION_FORMAT = "dwarf-with-dsym";
				ENABLE_NS_ASSERTIONS = NO;
				ENABLE_STRICT_OBJC_MSGSEND = YES;
				ENABLE_USER_SCRIPT_SANDBOXING = YES;
				GCC_C_LANGUAGE_STANDARD = gnu17;
				GCC_NO_COMMON_BLOCKS = YES;
				GCC_WARN_64_TO_32_BIT_CONVERSION = YES;
				GCC_WARN_ABOUT_RETURN_TYPE = YES_ERROR;
				GCC_WARN_UNDECLARED_SELECTOR = YES;
				GCC_WARN_UNINITIALIZED_AUTOS = YES_AGGRESSIVE;
				GCC_WARN_UNUSED_FUNCTION = YES;
				GCC_WARN_UNUSED_VARIABLE = YES;
				IPHONEOS_DEPLOYMENT_TARGET = 16.1;
				LOCALIZATION_PREFERS_STRING_CATALOGS = YES;
				MTL_ENABLE_DEBUG_INFO = NO;
				MTL_FAST_MATH = YES;
				SDKROOT = iphoneos;
				SWIFT_COMPILATION_MODE = wholemodule;
				VALIDATE_PRODUCT = YES;
			};
			name = Release;
		};
		E25CC8012C0A5F3C00FAD289 /* Debug */ = {
			isa = XCBuildConfiguration;
			buildSettings = {
				ALWAYS_EMBED_SWIFT_STANDARD_LIBRARIES = YES;
				ASSETCATALOG_COMPILER_APPICON_NAME = AppIcon;
				ASSETCATALOG_COMPILER_GLOBAL_ACCENT_COLOR_NAME = AccentColor;
				CODE_SIGN_STYLE = Automatic;
				CURRENT_PROJECT_VERSION = 1;
				DEVELOPMENT_ASSET_PATHS = "\"Formula/Preview Content\"";
				DEVELOPMENT_TEAM = UPP28B77QU;
				ENABLE_PREVIEWS = YES;
				ENABLE_USER_SCRIPT_SANDBOXING = NO;
				GENERATE_INFOPLIST_FILE = YES;
				INFOPLIST_KEY_NSSupportsLiveActivities = YES;
				INFOPLIST_KEY_UIApplicationSceneManifest_Generation = YES;
				INFOPLIST_KEY_UIApplicationSupportsIndirectInputEvents = YES;
				INFOPLIST_KEY_UILaunchScreen_Generation = YES;
				INFOPLIST_KEY_UISupportedInterfaceOrientations_iPad = "UIInterfaceOrientationPortrait UIInterfaceOrientationPortraitUpsideDown UIInterfaceOrientationLandscapeLeft UIInterfaceOrientationLandscapeRight";
				INFOPLIST_KEY_UISupportedInterfaceOrientations_iPhone = "UIInterfaceOrientationPortrait UIInterfaceOrientationLandscapeLeft UIInterfaceOrientationLandscapeRight";
				IPHONEOS_DEPLOYMENT_TARGET = 16.1;
				LD_RUNPATH_SEARCH_PATHS = (
					"$(inherited)",
					"@executable_path/Frameworks",
				);
				MARKETING_VERSION = 1.0;
				PRODUCT_BUNDLE_IDENTIFIER = com.maximch.Formula;
				PRODUCT_NAME = "$(TARGET_NAME)";
				SWIFT_EMIT_LOC_STRINGS = YES;
				SWIFT_VERSION = 5.0;
				TARGETED_DEVICE_FAMILY = "1,2";
			};
			name = Debug;
		};
		E25CC8022C0A5F3C00FAD289 /* Release */ = {
			isa = XCBuildConfiguration;
			buildSettings = {
				ALWAYS_EMBED_SWIFT_STANDARD_LIBRARIES = YES;
				ASSETCATALOG_COMPILER_APPICON_NAME = AppIcon;
				ASSETCATALOG_COMPILER_GLOBAL_ACCENT_COLOR_NAME = AccentColor;
				CODE_SIGN_STYLE = Automatic;
				CURRENT_PROJECT_VERSION = 1;
				DEVELOPMENT_ASSET_PATHS = "\"Formula/Preview Content\"";
				DEVELOPMENT_TEAM = UPP28B77QU;
				ENABLE_PREVIEWS = YES;
				ENABLE_USER_SCRIPT_SANDBOXING = NO;
				GENERATE_INFOPLIST_FILE = YES;
				INFOPLIST_KEY_NSSupportsLiveActivities = YES;
				INFOPLIST_KEY_UIApplicationSceneManifest_Generation = YES;
				INFOPLIST_KEY_UIApplicationSupportsIndirectInputEvents = YES;
				INFOPLIST_KEY_UILaunchScreen_Generation = YES;
				INFOPLIST_KEY_UISupportedInterfaceOrientations_iPad = "UIInterfaceOrientationPortrait UIInterfaceOrientationPortraitUpsideDown UIInterfaceOrientationLandscapeLeft UIInterfaceOrientationLandscapeRight";
				INFOPLIST_KEY_UISupportedInterfaceOrientations_iPhone = "UIInterfaceOrientationPortrait UIInterfaceOrientationLandscapeLeft UIInterfaceOrientationLandscapeRight";
				IPHONEOS_DEPLOYMENT_TARGET = 16.1;
				LD_RUNPATH_SEARCH_PATHS = (
					"$(inherited)",
					"@executable_path/Frameworks",
				);
				MARKETING_VERSION = 1.0;
				PRODUCT_BUNDLE_IDENTIFIER = com.maximch.Formula;
				PRODUCT_NAME = "$(TARGET_NAME)";
				SWIFT_EMIT_LOC_STRINGS = YES;
				SWIFT_VERSION = 5.0;
				TARGETED_DEVICE_FAMILY = "1,2";
			};
			name = Release;
		};
		E25CC8042C0A5F3C00FAD289 /* Debug */ = {
			isa = XCBuildConfiguration;
			buildSettings = {
				ALWAYS_EMBED_SWIFT_STANDARD_LIBRARIES = YES;
				BUNDLE_LOADER = "$(TEST_HOST)";
				CODE_SIGN_STYLE = Automatic;
				CURRENT_PROJECT_VERSION = 1;
				DEVELOPMENT_TEAM = UPP28B77QU;
				GENERATE_INFOPLIST_FILE = YES;
				IPHONEOS_DEPLOYMENT_TARGET = 17.2;
				MARKETING_VERSION = 1.0;
				PRODUCT_BUNDLE_IDENTIFIER = com.maximch.FormulaTests;
				PRODUCT_NAME = "$(TARGET_NAME)";
				SWIFT_EMIT_LOC_STRINGS = NO;
				SWIFT_VERSION = 5.0;
				TARGETED_DEVICE_FAMILY = "1,2";
				TEST_HOST = "$(BUILT_PRODUCTS_DIR)/Formula.app/$(BUNDLE_EXECUTABLE_FOLDER_PATH)/Formula";
			};
			name = Debug;
		};
		E25CC8052C0A5F3C00FAD289 /* Release */ = {
			isa = XCBuildConfiguration;
			buildSettings = {
				ALWAYS_EMBED_SWIFT_STANDARD_LIBRARIES = YES;
				BUNDLE_LOADER = "$(TEST_HOST)";
				CODE_SIGN_STYLE = Automatic;
				CURRENT_PROJECT_VERSION = 1;
				DEVELOPMENT_TEAM = UPP28B77QU;
				GENERATE_INFOPLIST_FILE = YES;
				IPHONEOS_DEPLOYMENT_TARGET = 17.2;
				MARKETING_VERSION = 1.0;
				PRODUCT_BUNDLE_IDENTIFIER = com.maximch.FormulaTests;
				PRODUCT_NAME = "$(TARGET_NAME)";
				SWIFT_EMIT_LOC_STRINGS = NO;
				SWIFT_VERSION = 5.0;
				TARGETED_DEVICE_FAMILY = "1,2";
				TEST_HOST = "$(BUILT_PRODUCTS_DIR)/Formula.app/$(BUNDLE_EXECUTABLE_FOLDER_PATH)/Formula";
			};
			name = Release;
		};
		E25CC8072C0A5F3C00FAD289 /* Debug */ = {
			isa = XCBuildConfiguration;
			buildSettings = {
				ALWAYS_EMBED_SWIFT_STANDARD_LIBRARIES = YES;
				CODE_SIGN_STYLE = Automatic;
				CURRENT_PROJECT_VERSION = 1;
				DEVELOPMENT_TEAM = UPP28B77QU;
				GENERATE_INFOPLIST_FILE = YES;
				MARKETING_VERSION = 1.0;
				PRODUCT_BUNDLE_IDENTIFIER = com.maximch.FormulaUITests;
				PRODUCT_NAME = "$(TARGET_NAME)";
				SWIFT_EMIT_LOC_STRINGS = NO;
				SWIFT_VERSION = 5.0;
				TARGETED_DEVICE_FAMILY = "1,2";
				TEST_TARGET_NAME = Formula;
			};
			name = Debug;
		};
		E25CC8082C0A5F3C00FAD289 /* Release */ = {
			isa = XCBuildConfiguration;
			buildSettings = {
				ALWAYS_EMBED_SWIFT_STANDARD_LIBRARIES = YES;
				CODE_SIGN_STYLE = Automatic;
				CURRENT_PROJECT_VERSION = 1;
				DEVELOPMENT_TEAM = UPP28B77QU;
				GENERATE_INFOPLIST_FILE = YES;
				MARKETING_VERSION = 1.0;
				PRODUCT_BUNDLE_IDENTIFIER = com.maximch.FormulaUITests;
				PRODUCT_NAME = "$(TARGET_NAME)";
				SWIFT_EMIT_LOC_STRINGS = NO;
				SWIFT_VERSION = 5.0;
				TARGETED_DEVICE_FAMILY = "1,2";
				TEST_TARGET_NAME = Formula;
			};
			name = Release;
		};
		E26AA2302C12EAEA00779D30 /* Debug */ = {
			isa = XCBuildConfiguration;
			buildSettings = {
				ASSETCATALOG_COMPILER_GLOBAL_ACCENT_COLOR_NAME = AccentColor;
				ASSETCATALOG_COMPILER_WIDGET_BACKGROUND_COLOR_NAME = WidgetBackground;
				CODE_SIGN_STYLE = Automatic;
				CURRENT_PROJECT_VERSION = 1;
				DEVELOPMENT_TEAM = UPP28B77QU;
				GENERATE_INFOPLIST_FILE = YES;
				INFOPLIST_FILE = LIveWidget/Info.plist;
				INFOPLIST_KEY_CFBundleDisplayName = LIveWidget;
				INFOPLIST_KEY_NSHumanReadableCopyright = "";
				IPHONEOS_DEPLOYMENT_TARGET = 17.0;
				LD_RUNPATH_SEARCH_PATHS = (
					"$(inherited)",
					"@executable_path/Frameworks",
					"@executable_path/../../Frameworks",
				);
				MARKETING_VERSION = 1.0;
				PRODUCT_BUNDLE_IDENTIFIER = com.maximch.Formula.LIveWidget;
				PRODUCT_NAME = "$(TARGET_NAME)";
				SKIP_INSTALL = YES;
				SWIFT_EMIT_LOC_STRINGS = YES;
				SWIFT_VERSION = 5.0;
				TARGETED_DEVICE_FAMILY = "1,2";
			};
			name = Debug;
		};
		E26AA2312C12EAEA00779D30 /* Release */ = {
			isa = XCBuildConfiguration;
			buildSettings = {
				ASSETCATALOG_COMPILER_GLOBAL_ACCENT_COLOR_NAME = AccentColor;
				ASSETCATALOG_COMPILER_WIDGET_BACKGROUND_COLOR_NAME = WidgetBackground;
				CODE_SIGN_STYLE = Automatic;
				CURRENT_PROJECT_VERSION = 1;
				DEVELOPMENT_TEAM = UPP28B77QU;
				GENERATE_INFOPLIST_FILE = YES;
				INFOPLIST_FILE = LIveWidget/Info.plist;
				INFOPLIST_KEY_CFBundleDisplayName = LIveWidget;
				INFOPLIST_KEY_NSHumanReadableCopyright = "";
				IPHONEOS_DEPLOYMENT_TARGET = 17.0;
				LD_RUNPATH_SEARCH_PATHS = (
					"$(inherited)",
					"@executable_path/Frameworks",
					"@executable_path/../../Frameworks",
				);
				MARKETING_VERSION = 1.0;
				PRODUCT_BUNDLE_IDENTIFIER = com.maximch.Formula.LIveWidget;
				PRODUCT_NAME = "$(TARGET_NAME)";
				SKIP_INSTALL = YES;
				SWIFT_EMIT_LOC_STRINGS = YES;
				SWIFT_VERSION = 5.0;
				TARGETED_DEVICE_FAMILY = "1,2";
			};
			name = Release;
		};
/* End XCBuildConfiguration section */

/* Begin XCConfigurationList section */
		E25CC7D72C0A5F3B00FAD289 /* Build configuration list for PBXProject "Formula" */ = {
			isa = XCConfigurationList;
			buildConfigurations = (
				E25CC7FE2C0A5F3C00FAD289 /* Debug */,
				E25CC7FF2C0A5F3C00FAD289 /* Release */,
			);
			defaultConfigurationIsVisible = 0;
			defaultConfigurationName = Release;
		};
		E25CC8002C0A5F3C00FAD289 /* Build configuration list for PBXNativeTarget "Formula" */ = {
			isa = XCConfigurationList;
			buildConfigurations = (
				E25CC8012C0A5F3C00FAD289 /* Debug */,
				E25CC8022C0A5F3C00FAD289 /* Release */,
			);
			defaultConfigurationIsVisible = 0;
			defaultConfigurationName = Release;
		};
		E25CC8032C0A5F3C00FAD289 /* Build configuration list for PBXNativeTarget "FormulaTests" */ = {
			isa = XCConfigurationList;
			buildConfigurations = (
				E25CC8042C0A5F3C00FAD289 /* Debug */,
				E25CC8052C0A5F3C00FAD289 /* Release */,
			);
			defaultConfigurationIsVisible = 0;
			defaultConfigurationName = Release;
		};
		E25CC8062C0A5F3C00FAD289 /* Build configuration list for PBXNativeTarget "FormulaUITests" */ = {
			isa = XCConfigurationList;
			buildConfigurations = (
				E25CC8072C0A5F3C00FAD289 /* Debug */,
				E25CC8082C0A5F3C00FAD289 /* Release */,
			);
			defaultConfigurationIsVisible = 0;
			defaultConfigurationName = Release;
		};
		E26AA2322C12EAEA00779D30 /* Build configuration list for PBXNativeTarget "LIveWidgetExtension" */ = {
			isa = XCConfigurationList;
			buildConfigurations = (
				E26AA2302C12EAEA00779D30 /* Debug */,
				E26AA2312C12EAEA00779D30 /* Release */,
			);
			defaultConfigurationIsVisible = 0;
			defaultConfigurationName = Release;
		};
/* End XCConfigurationList section */

/* Begin XCRemoteSwiftPackageReference section */
		E2419E6D2C0BAD730032D13A /* XCRemoteSwiftPackageReference "Nuke" */ = {
			isa = XCRemoteSwiftPackageReference;
			repositoryURL = "https://github.com/kean/Nuke";
			requirement = {
				kind = exactVersion;
				version = 12.7.1;
			};
		};
		E29716192C1B07ED009E3D30 /* XCRemoteSwiftPackageReference "needle" */ = {
			isa = XCRemoteSwiftPackageReference;
			repositoryURL = "https://github.com/uber/needle.git";
			requirement = {
				kind = exactVersion;
				version = 0.24.0;
			};
		};
/* End XCRemoteSwiftPackageReference section */

/* Begin XCSwiftPackageProductDependency section */
		E297161A2C1B0806009E3D30 /* NeedleFoundation */ = {
			isa = XCSwiftPackageProductDependency;
			package = E29716192C1B07ED009E3D30 /* XCRemoteSwiftPackageReference "needle" */;
			productName = NeedleFoundation;
		};
		E297161C2C1B0806009E3D30 /* NeedleFoundationTest */ = {
			isa = XCSwiftPackageProductDependency;
			package = E29716192C1B07ED009E3D30 /* XCRemoteSwiftPackageReference "needle" */;
			productName = NeedleFoundationTest;
		};
		E2D4F86F2C0BAF6900949459 /* Nuke */ = {
			isa = XCSwiftPackageProductDependency;
			package = E2419E6D2C0BAD730032D13A /* XCRemoteSwiftPackageReference "Nuke" */;
			productName = Nuke;
		};
		E2D4F8712C0BAF6900949459 /* NukeExtensions */ = {
			isa = XCSwiftPackageProductDependency;
			package = E2419E6D2C0BAD730032D13A /* XCRemoteSwiftPackageReference "Nuke" */;
			productName = NukeExtensions;
		};
		E2D4F8732C0BAF6900949459 /* NukeUI */ = {
			isa = XCSwiftPackageProductDependency;
			package = E2419E6D2C0BAD730032D13A /* XCRemoteSwiftPackageReference "Nuke" */;
			productName = NukeUI;
		};
		E2D4F8752C0BAF6900949459 /* NukeVideo */ = {
			isa = XCSwiftPackageProductDependency;
			package = E2419E6D2C0BAD730032D13A /* XCRemoteSwiftPackageReference "Nuke" */;
			productName = NukeVideo;
		};
/* End XCSwiftPackageProductDependency section */
	};
	rootObject = E25CC7D42C0A5F3B00FAD289 /* Project object */;
}
